
Microsoft Visual Studio Solution File, Format Version 12.00
# Visual Studio 15
VisualStudioVersion = 15.0.26403.7
MinimumVisualStudioVersion = 10.0.40219.1
Project("{FAE04EC0-301F-11D3-BF4B-00C04F79EFBC}") = "PdfViewerCSharpAPI", "PdfViewerCSharpAPI_R2\PdfViewerCSharpAPI.csproj", "{12BB3EF2-6EA8-4428-9854-893F44524614}"
EndProject
Project("{FAE04EC0-301F-11D3-BF4B-00C04F79EFBC}") = "PdfViewerWPF_R2", "PdfViewerWPF_R2\PdfViewerWPF_R2.csproj", "{90B51D0F-C4F2-408D-9879-CDCE515173C9}"
EndProject
Project("{FAE04EC0-301F-11D3-BF4B-00C04F79EFBC}") = "ViewerWPFSample", "Sample\ViewerWPFSample\ViewerWPFSample.csproj", "{4020E23B-0185-4587-8B2E-9823E4D245EE}"
	ProjectSection(ProjectDependencies) = postProject
		{90B51D0F-C4F2-408D-9879-CDCE515173C9} = {90B51D0F-C4F2-408D-9879-CDCE515173C9}
	EndProjectSection
EndProject
Project("{FAE04EC0-301F-11D3-BF4B-00C04F79EFBC}") = "WindowsInkTextConverter", "WindowsInkTextConverter\WindowsInkTextConverter.csproj", "{3997B09B-3297-4610-BEE6-CC9C9BA77BBE}"
EndProject
Project("{FAE04EC0-301F-11D3-BF4B-00C04F79EFBC}") = "NoChangeAnnotationFormMapper", "NoChangeAnnotationFormMapper\NoChangeAnnotationFormMapper.csproj", "{0AC9D4AD-F938-4055-A17E-A2F9A3B64FB9}"
EndProject
Project("{FAE04EC0-301F-11D3-BF4B-00C04F79EFBC}") = "DummyTextConverter", "DummyTextConverter\DummyTextConverter.csproj", "{A3A4227F-70A1-4E05-874C-7510C735C1BF}"
EndProject
Project("{FAE04EC0-301F-11D3-BF4B-00C04F79EFBC}") = "RectangleFormMapper", "RectangleFormMapper\RectangleFormMapper.csproj", "{EFC2C500-EA8A-4D11-9286-6C0D2E85E891}"
EndProject
Project("{FAE04EC0-301F-11D3-BF4B-00C04F79EFBC}") = "PolylineFormMapper", "PolylineFormMapper\PolylineFormMapper.csproj", "{811B06E3-E3F1-43FC-8AE0-C85BBCF9C383}"
EndProject
Project("{2150E333-8FDC-42A3-9474-1A3956D46DE8}") = "FormMapper", "FormMapper", "{1869D6CA-794A-4D59-9464-B97EE25D5405}"
EndProject
Project("{2150E333-8FDC-42A3-9474-1A3956D46DE8}") = "TextConverter", "TextConverter", "{0BA4549C-7958-4F70-A25C-2AD8FFAB02D9}"
EndProject
Project("{FAE04EC0-301F-11D3-BF4B-00C04F79EFBC}") = "Test_RectangleFormMapper", "Test_RectangleFormMapper\Test_RectangleFormMapper.csproj", "{ACD20391-A0D7-4DD1-ABC7-0E10E11F85AC}"
EndProject
Project("{FAE04EC0-301F-11D3-BF4B-00C04F79EFBC}") = "Test_WindowsInkPdfTextConverter", "Test_WindowsInkPdfTextConverter\Test_WindowsInkPdfTextConverter.csproj", "{7F1CEE79-C396-42A9-9FCA-5DDAE681D222}"
EndProject
Project("{2150E333-8FDC-42A3-9474-1A3956D46DE8}") = "TestLibraries", "TestLibraries", "{9F47E425-8538-416E-8A22-91448FE643E8}"
EndProject
Project("{FAE04EC0-301F-11D3-BF4B-00C04F79EFBC}") = "TestFormMapper00", "TestFormMapper00\TestFormMapper00.csproj", "{9F0BE475-25D1-4FC8-8CD2-1957A971DA32}"
EndProject
Project("{FAE04EC0-301F-11D3-BF4B-00C04F79EFBC}") = "TestFormMapper01", "TestFormMapper01\TestFormMapper01.csproj", "{4A148A91-7AD9-44FF-A72B-46BD5AE63EB6}"
EndProject
Project("{FAE04EC0-301F-11D3-BF4B-00C04F79EFBC}") = "TestFormMapper02", "TestFormMapper02\TestFormMapper02.csproj", "{5A9DD4FA-5C56-414E-87F3-EFB5CEBBDC5C}"
EndProject
Project("{FAE04EC0-301F-11D3-BF4B-00C04F79EFBC}") = "TestFormMapper03", "TestFormMapper03\TestFormMapper03.csproj", "{42CC9731-6F90-4B00-93E1-41BBBB483F83}"
EndProject
Project("{FAE04EC0-301F-11D3-BF4B-00C04F79EFBC}") = "TestFormMapper04", "TestFormMapper04\TestFormMapper04.csproj", "{CD28B692-E9AA-44F3-AFEA-9C88754A9008}"
EndProject
Project("{FAE04EC0-301F-11D3-BF4B-00C04F79EFBC}") = "TestFormMapper05", "TestFormMapper05\TestFormMapper05.csproj", "{065B911B-683B-4156-824F-D1C4351476B8}"
EndProject
Project("{FAE04EC0-301F-11D3-BF4B-00C04F79EFBC}") = "TestFormMapper06", "TestFormMapper06\TestFormMapper06.csproj", "{3903177E-0609-4CF7-A465-4786E9131ABE}"
EndProject
Project("{FAE04EC0-301F-11D3-BF4B-00C04F79EFBC}") = "TestFormMapper07", "TestFormMapper07\TestFormMapper07.csproj", "{DE789DAE-7F95-438D-9343-E81BB9D9D7C1}"
EndProject
Project("{FAE04EC0-301F-11D3-BF4B-00C04F79EFBC}") = "TestFormMapper08", "TestFormMapper08\TestFormMapper08.csproj", "{0EBC77D0-08E8-42CA-AB78-451F0813C83D}"
EndProject
Global
	GlobalSection(SolutionConfigurationPlatforms) = preSolution
		Debug|Any CPU = Debug|Any CPU
		Debug|Mixed Platforms = Debug|Mixed Platforms
		Debug|x64 = Debug|x64
		Debug|x86 = Debug|x86
		Release|Any CPU = Release|Any CPU
		Release|Mixed Platforms = Release|Mixed Platforms
		Release|x64 = Release|x64
		Release|x86 = Release|x86
		UnicodeDebug|Any CPU = UnicodeDebug|Any CPU
		UnicodeDebug|Mixed Platforms = UnicodeDebug|Mixed Platforms
		UnicodeDebug|x64 = UnicodeDebug|x64
		UnicodeDebug|x86 = UnicodeDebug|x86
		UnicodeRelease|Any CPU = UnicodeRelease|Any CPU
		UnicodeRelease|Mixed Platforms = UnicodeRelease|Mixed Platforms
		UnicodeRelease|x64 = UnicodeRelease|x64
		UnicodeRelease|x86 = UnicodeRelease|x86
	EndGlobalSection
	GlobalSection(ProjectConfigurationPlatforms) = postSolution
		{12BB3EF2-6EA8-4428-9854-893F44524614}.Debug|Any CPU.ActiveCfg = UnicodeDebug|Any CPU
		{12BB3EF2-6EA8-4428-9854-893F44524614}.Debug|Any CPU.Build.0 = UnicodeDebug|Any CPU
		{12BB3EF2-6EA8-4428-9854-893F44524614}.Debug|Mixed Platforms.ActiveCfg = UnicodeDebug|Any CPU
		{12BB3EF2-6EA8-4428-9854-893F44524614}.Debug|Mixed Platforms.Build.0 = UnicodeDebug|Any CPU
		{12BB3EF2-6EA8-4428-9854-893F44524614}.Debug|x64.ActiveCfg = UnicodeDebug|Any CPU
		{12BB3EF2-6EA8-4428-9854-893F44524614}.Debug|x64.Build.0 = UnicodeDebug|Any CPU
		{12BB3EF2-6EA8-4428-9854-893F44524614}.Debug|x86.ActiveCfg = UnicodeDebug|Any CPU
		{12BB3EF2-6EA8-4428-9854-893F44524614}.Debug|x86.Build.0 = UnicodeDebug|Any CPU
		{12BB3EF2-6EA8-4428-9854-893F44524614}.Release|Any CPU.ActiveCfg = UnicodeRelease|Any CPU
		{12BB3EF2-6EA8-4428-9854-893F44524614}.Release|Any CPU.Build.0 = UnicodeRelease|Any CPU
		{12BB3EF2-6EA8-4428-9854-893F44524614}.Release|Mixed Platforms.ActiveCfg = UnicodeRelease|Any CPU
		{12BB3EF2-6EA8-4428-9854-893F44524614}.Release|Mixed Platforms.Build.0 = UnicodeRelease|Any CPU
		{12BB3EF2-6EA8-4428-9854-893F44524614}.Release|x64.ActiveCfg = UnicodeRelease|Any CPU
		{12BB3EF2-6EA8-4428-9854-893F44524614}.Release|x64.Build.0 = UnicodeRelease|Any CPU
		{12BB3EF2-6EA8-4428-9854-893F44524614}.Release|x86.ActiveCfg = UnicodeRelease|Any CPU
		{12BB3EF2-6EA8-4428-9854-893F44524614}.Release|x86.Build.0 = UnicodeRelease|Any CPU
		{12BB3EF2-6EA8-4428-9854-893F44524614}.UnicodeDebug|Any CPU.ActiveCfg = UnicodeDebug|Any CPU
		{12BB3EF2-6EA8-4428-9854-893F44524614}.UnicodeDebug|Any CPU.Build.0 = UnicodeDebug|Any CPU
		{12BB3EF2-6EA8-4428-9854-893F44524614}.UnicodeDebug|Mixed Platforms.ActiveCfg = UnicodeDebug|Any CPU
		{12BB3EF2-6EA8-4428-9854-893F44524614}.UnicodeDebug|Mixed Platforms.Build.0 = UnicodeDebug|Any CPU
		{12BB3EF2-6EA8-4428-9854-893F44524614}.UnicodeDebug|x64.ActiveCfg = UnicodeDebug|Any CPU
		{12BB3EF2-6EA8-4428-9854-893F44524614}.UnicodeDebug|x64.Build.0 = UnicodeDebug|Any CPU
		{12BB3EF2-6EA8-4428-9854-893F44524614}.UnicodeDebug|x86.ActiveCfg = UnicodeDebug|Any CPU
		{12BB3EF2-6EA8-4428-9854-893F44524614}.UnicodeRelease|Any CPU.ActiveCfg = UnicodeRelease|Any CPU
		{12BB3EF2-6EA8-4428-9854-893F44524614}.UnicodeRelease|Any CPU.Build.0 = UnicodeRelease|Any CPU
		{12BB3EF2-6EA8-4428-9854-893F44524614}.UnicodeRelease|Mixed Platforms.ActiveCfg = UnicodeRelease|Any CPU
		{12BB3EF2-6EA8-4428-9854-893F44524614}.UnicodeRelease|Mixed Platforms.Build.0 = UnicodeRelease|Any CPU
		{12BB3EF2-6EA8-4428-9854-893F44524614}.UnicodeRelease|x64.ActiveCfg = UnicodeRelease|Any CPU
		{12BB3EF2-6EA8-4428-9854-893F44524614}.UnicodeRelease|x64.Build.0 = UnicodeRelease|Any CPU
		{12BB3EF2-6EA8-4428-9854-893F44524614}.UnicodeRelease|x86.ActiveCfg = UnicodeRelease|Any CPU
		{12BB3EF2-6EA8-4428-9854-893F44524614}.UnicodeRelease|x86.Build.0 = UnicodeRelease|Any CPU
		{90B51D0F-C4F2-408D-9879-CDCE515173C9}.Debug|Any CPU.ActiveCfg = UnicodeDebug|Any CPU
		{90B51D0F-C4F2-408D-9879-CDCE515173C9}.Debug|Any CPU.Build.0 = UnicodeDebug|Any CPU
		{90B51D0F-C4F2-408D-9879-CDCE515173C9}.Debug|Mixed Platforms.ActiveCfg = UnicodeDebug|Any CPU
		{90B51D0F-C4F2-408D-9879-CDCE515173C9}.Debug|Mixed Platforms.Build.0 = UnicodeDebug|Any CPU
		{90B51D0F-C4F2-408D-9879-CDCE515173C9}.Debug|x64.ActiveCfg = UnicodeDebug|Any CPU
		{90B51D0F-C4F2-408D-9879-CDCE515173C9}.Debug|x64.Build.0 = UnicodeDebug|Any CPU
		{90B51D0F-C4F2-408D-9879-CDCE515173C9}.Debug|x86.ActiveCfg = UnicodeDebug|Any CPU
		{90B51D0F-C4F2-408D-9879-CDCE515173C9}.Debug|x86.Build.0 = UnicodeDebug|Any CPU
		{90B51D0F-C4F2-408D-9879-CDCE515173C9}.Release|Any CPU.ActiveCfg = UnicodeRelease|Any CPU
		{90B51D0F-C4F2-408D-9879-CDCE515173C9}.Release|Any CPU.Build.0 = UnicodeRelease|Any CPU
		{90B51D0F-C4F2-408D-9879-CDCE515173C9}.Release|Mixed Platforms.ActiveCfg = UnicodeRelease|Any CPU
		{90B51D0F-C4F2-408D-9879-CDCE515173C9}.Release|Mixed Platforms.Build.0 = UnicodeRelease|Any CPU
		{90B51D0F-C4F2-408D-9879-CDCE515173C9}.Release|x64.ActiveCfg = UnicodeRelease|Any CPU
		{90B51D0F-C4F2-408D-9879-CDCE515173C9}.Release|x64.Build.0 = UnicodeRelease|Any CPU
		{90B51D0F-C4F2-408D-9879-CDCE515173C9}.Release|x86.ActiveCfg = UnicodeRelease|Any CPU
		{90B51D0F-C4F2-408D-9879-CDCE515173C9}.Release|x86.Build.0 = UnicodeRelease|Any CPU
		{90B51D0F-C4F2-408D-9879-CDCE515173C9}.UnicodeDebug|Any CPU.ActiveCfg = UnicodeDebug|Any CPU
		{90B51D0F-C4F2-408D-9879-CDCE515173C9}.UnicodeDebug|Any CPU.Build.0 = UnicodeDebug|Any CPU
		{90B51D0F-C4F2-408D-9879-CDCE515173C9}.UnicodeDebug|Mixed Platforms.ActiveCfg = UnicodeDebug|Any CPU
		{90B51D0F-C4F2-408D-9879-CDCE515173C9}.UnicodeDebug|Mixed Platforms.Build.0 = UnicodeDebug|Any CPU
		{90B51D0F-C4F2-408D-9879-CDCE515173C9}.UnicodeDebug|x64.ActiveCfg = UnicodeDebug|Any CPU
		{90B51D0F-C4F2-408D-9879-CDCE515173C9}.UnicodeDebug|x64.Build.0 = UnicodeDebug|Any CPU
		{90B51D0F-C4F2-408D-9879-CDCE515173C9}.UnicodeDebug|x86.ActiveCfg = UnicodeDebug|Any CPU
		{90B51D0F-C4F2-408D-9879-CDCE515173C9}.UnicodeRelease|Any CPU.ActiveCfg = UnicodeRelease|Any CPU
		{90B51D0F-C4F2-408D-9879-CDCE515173C9}.UnicodeRelease|Any CPU.Build.0 = UnicodeRelease|Any CPU
		{90B51D0F-C4F2-408D-9879-CDCE515173C9}.UnicodeRelease|Mixed Platforms.ActiveCfg = UnicodeRelease|Any CPU
		{90B51D0F-C4F2-408D-9879-CDCE515173C9}.UnicodeRelease|Mixed Platforms.Build.0 = UnicodeRelease|Any CPU
		{90B51D0F-C4F2-408D-9879-CDCE515173C9}.UnicodeRelease|x64.ActiveCfg = UnicodeRelease|Any CPU
		{90B51D0F-C4F2-408D-9879-CDCE515173C9}.UnicodeRelease|x64.Build.0 = UnicodeRelease|Any CPU
		{90B51D0F-C4F2-408D-9879-CDCE515173C9}.UnicodeRelease|x86.ActiveCfg = UnicodeRelease|Any CPU
		{90B51D0F-C4F2-408D-9879-CDCE515173C9}.UnicodeRelease|x86.Build.0 = UnicodeRelease|Any CPU
		{4020E23B-0185-4587-8B2E-9823E4D245EE}.Debug|Any CPU.ActiveCfg = UnicodeRelease|x64
		{4020E23B-0185-4587-8B2E-9823E4D245EE}.Debug|Any CPU.Build.0 = UnicodeRelease|x64
		{4020E23B-0185-4587-8B2E-9823E4D245EE}.Debug|Mixed Platforms.ActiveCfg = UnicodeDebug|x86
		{4020E23B-0185-4587-8B2E-9823E4D245EE}.Debug|Mixed Platforms.Build.0 = UnicodeDebug|x86
		{4020E23B-0185-4587-8B2E-9823E4D245EE}.Debug|x64.ActiveCfg = UnicodeDebug|x64
		{4020E23B-0185-4587-8B2E-9823E4D245EE}.Debug|x64.Build.0 = UnicodeDebug|x64
		{4020E23B-0185-4587-8B2E-9823E4D245EE}.Debug|x86.ActiveCfg = UnicodeDebug|x86
		{4020E23B-0185-4587-8B2E-9823E4D245EE}.Debug|x86.Build.0 = UnicodeDebug|x86
		{4020E23B-0185-4587-8B2E-9823E4D245EE}.Release|Any CPU.ActiveCfg = UnicodeRelease|x64
		{4020E23B-0185-4587-8B2E-9823E4D245EE}.Release|Any CPU.Build.0 = UnicodeRelease|x64
		{4020E23B-0185-4587-8B2E-9823E4D245EE}.Release|Mixed Platforms.ActiveCfg = UnicodeRelease|x86
		{4020E23B-0185-4587-8B2E-9823E4D245EE}.Release|Mixed Platforms.Build.0 = UnicodeRelease|x86
		{4020E23B-0185-4587-8B2E-9823E4D245EE}.Release|x64.ActiveCfg = UnicodeRelease|x64
		{4020E23B-0185-4587-8B2E-9823E4D245EE}.Release|x64.Build.0 = UnicodeRelease|x64
		{4020E23B-0185-4587-8B2E-9823E4D245EE}.Release|x86.ActiveCfg = UnicodeRelease|x86
		{4020E23B-0185-4587-8B2E-9823E4D245EE}.Release|x86.Build.0 = UnicodeRelease|x86
		{4020E23B-0185-4587-8B2E-9823E4D245EE}.UnicodeDebug|Any CPU.ActiveCfg = UnicodeDebug|x86
		{4020E23B-0185-4587-8B2E-9823E4D245EE}.UnicodeDebug|Mixed Platforms.ActiveCfg = UnicodeDebug|x86
		{4020E23B-0185-4587-8B2E-9823E4D245EE}.UnicodeDebug|Mixed Platforms.Build.0 = UnicodeDebug|x86
		{4020E23B-0185-4587-8B2E-9823E4D245EE}.UnicodeDebug|x64.ActiveCfg = UnicodeDebug|x64
		{4020E23B-0185-4587-8B2E-9823E4D245EE}.UnicodeDebug|x64.Build.0 = UnicodeDebug|x64
		{4020E23B-0185-4587-8B2E-9823E4D245EE}.UnicodeDebug|x86.ActiveCfg = UnicodeDebug|x86
		{4020E23B-0185-4587-8B2E-9823E4D245EE}.UnicodeDebug|x86.Build.0 = UnicodeDebug|x86
		{4020E23B-0185-4587-8B2E-9823E4D245EE}.UnicodeRelease|Any CPU.ActiveCfg = UnicodeRelease|x86
		{4020E23B-0185-4587-8B2E-9823E4D245EE}.UnicodeRelease|Mixed Platforms.ActiveCfg = UnicodeRelease|x86
		{4020E23B-0185-4587-8B2E-9823E4D245EE}.UnicodeRelease|Mixed Platforms.Build.0 = UnicodeRelease|x86
		{4020E23B-0185-4587-8B2E-9823E4D245EE}.UnicodeRelease|x64.ActiveCfg = UnicodeRelease|x64
		{4020E23B-0185-4587-8B2E-9823E4D245EE}.UnicodeRelease|x64.Build.0 = UnicodeRelease|x64
		{4020E23B-0185-4587-8B2E-9823E4D245EE}.UnicodeRelease|x86.ActiveCfg = UnicodeRelease|x86
		{4020E23B-0185-4587-8B2E-9823E4D245EE}.UnicodeRelease|x86.Build.0 = UnicodeRelease|x86
		{3997B09B-3297-4610-BEE6-CC9C9BA77BBE}.Debug|Any CPU.ActiveCfg = Debug|Any CPU
		{3997B09B-3297-4610-BEE6-CC9C9BA77BBE}.Debug|Any CPU.Build.0 = Debug|Any CPU
		{3997B09B-3297-4610-BEE6-CC9C9BA77BBE}.Debug|Mixed Platforms.ActiveCfg = Debug|Any CPU
		{3997B09B-3297-4610-BEE6-CC9C9BA77BBE}.Debug|Mixed Platforms.Build.0 = Debug|Any CPU
		{3997B09B-3297-4610-BEE6-CC9C9BA77BBE}.Debug|x64.ActiveCfg = Debug|Any CPU
		{3997B09B-3297-4610-BEE6-CC9C9BA77BBE}.Debug|x64.Build.0 = Debug|Any CPU
		{3997B09B-3297-4610-BEE6-CC9C9BA77BBE}.Debug|x86.ActiveCfg = Debug|Any CPU
		{3997B09B-3297-4610-BEE6-CC9C9BA77BBE}.Debug|x86.Build.0 = Debug|Any CPU
		{3997B09B-3297-4610-BEE6-CC9C9BA77BBE}.Release|Any CPU.ActiveCfg = Release|Any CPU
		{3997B09B-3297-4610-BEE6-CC9C9BA77BBE}.Release|Any CPU.Build.0 = Release|Any CPU
		{3997B09B-3297-4610-BEE6-CC9C9BA77BBE}.Release|Mixed Platforms.ActiveCfg = Release|Any CPU
		{3997B09B-3297-4610-BEE6-CC9C9BA77BBE}.Release|Mixed Platforms.Build.0 = Release|Any CPU
		{3997B09B-3297-4610-BEE6-CC9C9BA77BBE}.Release|x64.ActiveCfg = Release|Any CPU
		{3997B09B-3297-4610-BEE6-CC9C9BA77BBE}.Release|x64.Build.0 = Release|Any CPU
		{3997B09B-3297-4610-BEE6-CC9C9BA77BBE}.Release|x86.ActiveCfg = Release|Any CPU
		{3997B09B-3297-4610-BEE6-CC9C9BA77BBE}.Release|x86.Build.0 = Release|Any CPU
		{3997B09B-3297-4610-BEE6-CC9C9BA77BBE}.UnicodeDebug|Any CPU.ActiveCfg = Debug|Any CPU
		{3997B09B-3297-4610-BEE6-CC9C9BA77BBE}.UnicodeDebug|Any CPU.Build.0 = Debug|Any CPU
		{3997B09B-3297-4610-BEE6-CC9C9BA77BBE}.UnicodeDebug|Mixed Platforms.ActiveCfg = Debug|Any CPU
		{3997B09B-3297-4610-BEE6-CC9C9BA77BBE}.UnicodeDebug|Mixed Platforms.Build.0 = Debug|Any CPU
		{3997B09B-3297-4610-BEE6-CC9C9BA77BBE}.UnicodeDebug|x64.ActiveCfg = Debug|Any CPU
		{3997B09B-3297-4610-BEE6-CC9C9BA77BBE}.UnicodeDebug|x64.Build.0 = Debug|Any CPU
		{3997B09B-3297-4610-BEE6-CC9C9BA77BBE}.UnicodeDebug|x86.ActiveCfg = Debug|Any CPU
		{3997B09B-3297-4610-BEE6-CC9C9BA77BBE}.UnicodeDebug|x86.Build.0 = Debug|Any CPU
		{3997B09B-3297-4610-BEE6-CC9C9BA77BBE}.UnicodeRelease|Any CPU.ActiveCfg = Release|Any CPU
		{3997B09B-3297-4610-BEE6-CC9C9BA77BBE}.UnicodeRelease|Any CPU.Build.0 = Release|Any CPU
		{3997B09B-3297-4610-BEE6-CC9C9BA77BBE}.UnicodeRelease|Mixed Platforms.ActiveCfg = Release|Any CPU
		{3997B09B-3297-4610-BEE6-CC9C9BA77BBE}.UnicodeRelease|Mixed Platforms.Build.0 = Release|Any CPU
		{3997B09B-3297-4610-BEE6-CC9C9BA77BBE}.UnicodeRelease|x64.ActiveCfg = Release|Any CPU
		{3997B09B-3297-4610-BEE6-CC9C9BA77BBE}.UnicodeRelease|x64.Build.0 = Release|Any CPU
		{3997B09B-3297-4610-BEE6-CC9C9BA77BBE}.UnicodeRelease|x86.ActiveCfg = Release|Any CPU
		{3997B09B-3297-4610-BEE6-CC9C9BA77BBE}.UnicodeRelease|x86.Build.0 = Release|Any CPU
		{0AC9D4AD-F938-4055-A17E-A2F9A3B64FB9}.Debug|Any CPU.ActiveCfg = Debug|Any CPU
		{0AC9D4AD-F938-4055-A17E-A2F9A3B64FB9}.Debug|Any CPU.Build.0 = Debug|Any CPU
		{0AC9D4AD-F938-4055-A17E-A2F9A3B64FB9}.Debug|Mixed Platforms.ActiveCfg = Debug|Any CPU
		{0AC9D4AD-F938-4055-A17E-A2F9A3B64FB9}.Debug|Mixed Platforms.Build.0 = Debug|Any CPU
		{0AC9D4AD-F938-4055-A17E-A2F9A3B64FB9}.Debug|x64.ActiveCfg = Debug|Any CPU
		{0AC9D4AD-F938-4055-A17E-A2F9A3B64FB9}.Debug|x64.Build.0 = Debug|Any CPU
		{0AC9D4AD-F938-4055-A17E-A2F9A3B64FB9}.Debug|x86.ActiveCfg = Debug|Any CPU
		{0AC9D4AD-F938-4055-A17E-A2F9A3B64FB9}.Debug|x86.Build.0 = Debug|Any CPU
		{0AC9D4AD-F938-4055-A17E-A2F9A3B64FB9}.Release|Any CPU.ActiveCfg = Release|Any CPU
		{0AC9D4AD-F938-4055-A17E-A2F9A3B64FB9}.Release|Any CPU.Build.0 = Release|Any CPU
		{0AC9D4AD-F938-4055-A17E-A2F9A3B64FB9}.Release|Mixed Platforms.ActiveCfg = Release|Any CPU
		{0AC9D4AD-F938-4055-A17E-A2F9A3B64FB9}.Release|Mixed Platforms.Build.0 = Release|Any CPU
		{0AC9D4AD-F938-4055-A17E-A2F9A3B64FB9}.Release|x64.ActiveCfg = Release|Any CPU
		{0AC9D4AD-F938-4055-A17E-A2F9A3B64FB9}.Release|x64.Build.0 = Release|Any CPU
		{0AC9D4AD-F938-4055-A17E-A2F9A3B64FB9}.Release|x86.ActiveCfg = Release|Any CPU
		{0AC9D4AD-F938-4055-A17E-A2F9A3B64FB9}.Release|x86.Build.0 = Release|Any CPU
		{0AC9D4AD-F938-4055-A17E-A2F9A3B64FB9}.UnicodeDebug|Any CPU.ActiveCfg = Debug|Any CPU
		{0AC9D4AD-F938-4055-A17E-A2F9A3B64FB9}.UnicodeDebug|Any CPU.Build.0 = Debug|Any CPU
		{0AC9D4AD-F938-4055-A17E-A2F9A3B64FB9}.UnicodeDebug|Mixed Platforms.ActiveCfg = Debug|Any CPU
		{0AC9D4AD-F938-4055-A17E-A2F9A3B64FB9}.UnicodeDebug|Mixed Platforms.Build.0 = Debug|Any CPU
		{0AC9D4AD-F938-4055-A17E-A2F9A3B64FB9}.UnicodeDebug|x64.ActiveCfg = Debug|Any CPU
		{0AC9D4AD-F938-4055-A17E-A2F9A3B64FB9}.UnicodeDebug|x64.Build.0 = Debug|Any CPU
		{0AC9D4AD-F938-4055-A17E-A2F9A3B64FB9}.UnicodeDebug|x86.ActiveCfg = Debug|Any CPU
		{0AC9D4AD-F938-4055-A17E-A2F9A3B64FB9}.UnicodeDebug|x86.Build.0 = Debug|Any CPU
		{0AC9D4AD-F938-4055-A17E-A2F9A3B64FB9}.UnicodeRelease|Any CPU.ActiveCfg = Release|Any CPU
		{0AC9D4AD-F938-4055-A17E-A2F9A3B64FB9}.UnicodeRelease|Any CPU.Build.0 = Release|Any CPU
		{0AC9D4AD-F938-4055-A17E-A2F9A3B64FB9}.UnicodeRelease|Mixed Platforms.ActiveCfg = Release|Any CPU
		{0AC9D4AD-F938-4055-A17E-A2F9A3B64FB9}.UnicodeRelease|Mixed Platforms.Build.0 = Release|Any CPU
		{0AC9D4AD-F938-4055-A17E-A2F9A3B64FB9}.UnicodeRelease|x64.ActiveCfg = Release|Any CPU
		{0AC9D4AD-F938-4055-A17E-A2F9A3B64FB9}.UnicodeRelease|x64.Build.0 = Release|Any CPU
		{0AC9D4AD-F938-4055-A17E-A2F9A3B64FB9}.UnicodeRelease|x86.ActiveCfg = Release|Any CPU
		{0AC9D4AD-F938-4055-A17E-A2F9A3B64FB9}.UnicodeRelease|x86.Build.0 = Release|Any CPU
		{A3A4227F-70A1-4E05-874C-7510C735C1BF}.Debug|Any CPU.ActiveCfg = Debug|Any CPU
		{A3A4227F-70A1-4E05-874C-7510C735C1BF}.Debug|Any CPU.Build.0 = Debug|Any CPU
		{A3A4227F-70A1-4E05-874C-7510C735C1BF}.Debug|Mixed Platforms.ActiveCfg = Debug|Any CPU
		{A3A4227F-70A1-4E05-874C-7510C735C1BF}.Debug|Mixed Platforms.Build.0 = Debug|Any CPU
		{A3A4227F-70A1-4E05-874C-7510C735C1BF}.Debug|x64.ActiveCfg = Debug|Any CPU
		{A3A4227F-70A1-4E05-874C-7510C735C1BF}.Debug|x64.Build.0 = Debug|Any CPU
		{A3A4227F-70A1-4E05-874C-7510C735C1BF}.Debug|x86.ActiveCfg = Debug|Any CPU
		{A3A4227F-70A1-4E05-874C-7510C735C1BF}.Debug|x86.Build.0 = Debug|Any CPU
		{A3A4227F-70A1-4E05-874C-7510C735C1BF}.Release|Any CPU.ActiveCfg = Release|Any CPU
		{A3A4227F-70A1-4E05-874C-7510C735C1BF}.Release|Any CPU.Build.0 = Release|Any CPU
		{A3A4227F-70A1-4E05-874C-7510C735C1BF}.Release|Mixed Platforms.ActiveCfg = Release|Any CPU
		{A3A4227F-70A1-4E05-874C-7510C735C1BF}.Release|Mixed Platforms.Build.0 = Release|Any CPU
		{A3A4227F-70A1-4E05-874C-7510C735C1BF}.Release|x64.ActiveCfg = Release|Any CPU
		{A3A4227F-70A1-4E05-874C-7510C735C1BF}.Release|x64.Build.0 = Release|Any CPU
		{A3A4227F-70A1-4E05-874C-7510C735C1BF}.Release|x86.ActiveCfg = Release|Any CPU
		{A3A4227F-70A1-4E05-874C-7510C735C1BF}.Release|x86.Build.0 = Release|Any CPU
		{A3A4227F-70A1-4E05-874C-7510C735C1BF}.UnicodeDebug|Any CPU.ActiveCfg = Debug|Any CPU
		{A3A4227F-70A1-4E05-874C-7510C735C1BF}.UnicodeDebug|Any CPU.Build.0 = Debug|Any CPU
		{A3A4227F-70A1-4E05-874C-7510C735C1BF}.UnicodeDebug|Mixed Platforms.ActiveCfg = Debug|Any CPU
		{A3A4227F-70A1-4E05-874C-7510C735C1BF}.UnicodeDebug|Mixed Platforms.Build.0 = Debug|Any CPU
		{A3A4227F-70A1-4E05-874C-7510C735C1BF}.UnicodeDebug|x64.ActiveCfg = Debug|Any CPU
		{A3A4227F-70A1-4E05-874C-7510C735C1BF}.UnicodeDebug|x64.Build.0 = Debug|Any CPU
		{A3A4227F-70A1-4E05-874C-7510C735C1BF}.UnicodeDebug|x86.ActiveCfg = Debug|Any CPU
		{A3A4227F-70A1-4E05-874C-7510C735C1BF}.UnicodeDebug|x86.Build.0 = Debug|Any CPU
		{A3A4227F-70A1-4E05-874C-7510C735C1BF}.UnicodeRelease|Any CPU.ActiveCfg = Release|Any CPU
		{A3A4227F-70A1-4E05-874C-7510C735C1BF}.UnicodeRelease|Any CPU.Build.0 = Release|Any CPU
		{A3A4227F-70A1-4E05-874C-7510C735C1BF}.UnicodeRelease|Mixed Platforms.ActiveCfg = Release|Any CPU
		{A3A4227F-70A1-4E05-874C-7510C735C1BF}.UnicodeRelease|Mixed Platforms.Build.0 = Release|Any CPU
		{A3A4227F-70A1-4E05-874C-7510C735C1BF}.UnicodeRelease|x64.ActiveCfg = Release|Any CPU
		{A3A4227F-70A1-4E05-874C-7510C735C1BF}.UnicodeRelease|x64.Build.0 = Release|Any CPU
		{A3A4227F-70A1-4E05-874C-7510C735C1BF}.UnicodeRelease|x86.ActiveCfg = Release|Any CPU
		{A3A4227F-70A1-4E05-874C-7510C735C1BF}.UnicodeRelease|x86.Build.0 = Release|Any CPU
		{EFC2C500-EA8A-4D11-9286-6C0D2E85E891}.Debug|Any CPU.ActiveCfg = Debug|Any CPU
		{EFC2C500-EA8A-4D11-9286-6C0D2E85E891}.Debug|Any CPU.Build.0 = Debug|Any CPU
		{EFC2C500-EA8A-4D11-9286-6C0D2E85E891}.Debug|Mixed Platforms.ActiveCfg = Debug|Any CPU
		{EFC2C500-EA8A-4D11-9286-6C0D2E85E891}.Debug|Mixed Platforms.Build.0 = Debug|Any CPU
		{EFC2C500-EA8A-4D11-9286-6C0D2E85E891}.Debug|x64.ActiveCfg = Debug|Any CPU
		{EFC2C500-EA8A-4D11-9286-6C0D2E85E891}.Debug|x64.Build.0 = Debug|Any CPU
		{EFC2C500-EA8A-4D11-9286-6C0D2E85E891}.Debug|x86.ActiveCfg = Debug|Any CPU
		{EFC2C500-EA8A-4D11-9286-6C0D2E85E891}.Debug|x86.Build.0 = Debug|Any CPU
		{EFC2C500-EA8A-4D11-9286-6C0D2E85E891}.Release|Any CPU.ActiveCfg = Release|Any CPU
		{EFC2C500-EA8A-4D11-9286-6C0D2E85E891}.Release|Any CPU.Build.0 = Release|Any CPU
		{EFC2C500-EA8A-4D11-9286-6C0D2E85E891}.Release|Mixed Platforms.ActiveCfg = Release|Any CPU
		{EFC2C500-EA8A-4D11-9286-6C0D2E85E891}.Release|Mixed Platforms.Build.0 = Release|Any CPU
		{EFC2C500-EA8A-4D11-9286-6C0D2E85E891}.Release|x64.ActiveCfg = Release|Any CPU
		{EFC2C500-EA8A-4D11-9286-6C0D2E85E891}.Release|x64.Build.0 = Release|Any CPU
		{EFC2C500-EA8A-4D11-9286-6C0D2E85E891}.Release|x86.ActiveCfg = Release|Any CPU
		{EFC2C500-EA8A-4D11-9286-6C0D2E85E891}.Release|x86.Build.0 = Release|Any CPU
		{EFC2C500-EA8A-4D11-9286-6C0D2E85E891}.UnicodeDebug|Any CPU.ActiveCfg = Debug|Any CPU
		{EFC2C500-EA8A-4D11-9286-6C0D2E85E891}.UnicodeDebug|Any CPU.Build.0 = Debug|Any CPU
		{EFC2C500-EA8A-4D11-9286-6C0D2E85E891}.UnicodeDebug|Mixed Platforms.ActiveCfg = Debug|Any CPU
		{EFC2C500-EA8A-4D11-9286-6C0D2E85E891}.UnicodeDebug|Mixed Platforms.Build.0 = Debug|Any CPU
		{EFC2C500-EA8A-4D11-9286-6C0D2E85E891}.UnicodeDebug|x64.ActiveCfg = Debug|Any CPU
		{EFC2C500-EA8A-4D11-9286-6C0D2E85E891}.UnicodeDebug|x64.Build.0 = Debug|Any CPU
		{EFC2C500-EA8A-4D11-9286-6C0D2E85E891}.UnicodeDebug|x86.ActiveCfg = Debug|Any CPU
		{EFC2C500-EA8A-4D11-9286-6C0D2E85E891}.UnicodeDebug|x86.Build.0 = Debug|Any CPU
		{EFC2C500-EA8A-4D11-9286-6C0D2E85E891}.UnicodeRelease|Any CPU.ActiveCfg = Release|Any CPU
		{EFC2C500-EA8A-4D11-9286-6C0D2E85E891}.UnicodeRelease|Any CPU.Build.0 = Release|Any CPU
		{EFC2C500-EA8A-4D11-9286-6C0D2E85E891}.UnicodeRelease|Mixed Platforms.ActiveCfg = Release|Any CPU
		{EFC2C500-EA8A-4D11-9286-6C0D2E85E891}.UnicodeRelease|Mixed Platforms.Build.0 = Release|Any CPU
		{EFC2C500-EA8A-4D11-9286-6C0D2E85E891}.UnicodeRelease|x64.ActiveCfg = Release|Any CPU
		{EFC2C500-EA8A-4D11-9286-6C0D2E85E891}.UnicodeRelease|x64.Build.0 = Release|Any CPU
		{EFC2C500-EA8A-4D11-9286-6C0D2E85E891}.UnicodeRelease|x86.ActiveCfg = Release|Any CPU
		{EFC2C500-EA8A-4D11-9286-6C0D2E85E891}.UnicodeRelease|x86.Build.0 = Release|Any CPU
		{811B06E3-E3F1-43FC-8AE0-C85BBCF9C383}.Debug|Any CPU.ActiveCfg = Debug|Any CPU
		{811B06E3-E3F1-43FC-8AE0-C85BBCF9C383}.Debug|Any CPU.Build.0 = Debug|Any CPU
		{811B06E3-E3F1-43FC-8AE0-C85BBCF9C383}.Debug|Mixed Platforms.ActiveCfg = Debug|Any CPU
		{811B06E3-E3F1-43FC-8AE0-C85BBCF9C383}.Debug|Mixed Platforms.Build.0 = Debug|Any CPU
		{811B06E3-E3F1-43FC-8AE0-C85BBCF9C383}.Debug|x64.ActiveCfg = Debug|Any CPU
		{811B06E3-E3F1-43FC-8AE0-C85BBCF9C383}.Debug|x64.Build.0 = Debug|Any CPU
		{811B06E3-E3F1-43FC-8AE0-C85BBCF9C383}.Debug|x86.ActiveCfg = Debug|Any CPU
		{811B06E3-E3F1-43FC-8AE0-C85BBCF9C383}.Debug|x86.Build.0 = Debug|Any CPU
		{811B06E3-E3F1-43FC-8AE0-C85BBCF9C383}.Release|Any CPU.ActiveCfg = Release|Any CPU
		{811B06E3-E3F1-43FC-8AE0-C85BBCF9C383}.Release|Any CPU.Build.0 = Release|Any CPU
		{811B06E3-E3F1-43FC-8AE0-C85BBCF9C383}.Release|Mixed Platforms.ActiveCfg = Release|Any CPU
		{811B06E3-E3F1-43FC-8AE0-C85BBCF9C383}.Release|Mixed Platforms.Build.0 = Release|Any CPU
		{811B06E3-E3F1-43FC-8AE0-C85BBCF9C383}.Release|x64.ActiveCfg = Release|Any CPU
		{811B06E3-E3F1-43FC-8AE0-C85BBCF9C383}.Release|x64.Build.0 = Release|Any CPU
		{811B06E3-E3F1-43FC-8AE0-C85BBCF9C383}.Release|x86.ActiveCfg = Release|Any CPU
		{811B06E3-E3F1-43FC-8AE0-C85BBCF9C383}.Release|x86.Build.0 = Release|Any CPU
		{811B06E3-E3F1-43FC-8AE0-C85BBCF9C383}.UnicodeDebug|Any CPU.ActiveCfg = Debug|Any CPU
		{811B06E3-E3F1-43FC-8AE0-C85BBCF9C383}.UnicodeDebug|Any CPU.Build.0 = Debug|Any CPU
		{811B06E3-E3F1-43FC-8AE0-C85BBCF9C383}.UnicodeDebug|Mixed Platforms.ActiveCfg = Debug|Any CPU
		{811B06E3-E3F1-43FC-8AE0-C85BBCF9C383}.UnicodeDebug|Mixed Platforms.Build.0 = Debug|Any CPU
		{811B06E3-E3F1-43FC-8AE0-C85BBCF9C383}.UnicodeDebug|x64.ActiveCfg = Debug|Any CPU
		{811B06E3-E3F1-43FC-8AE0-C85BBCF9C383}.UnicodeDebug|x64.Build.0 = Debug|Any CPU
		{811B06E3-E3F1-43FC-8AE0-C85BBCF9C383}.UnicodeDebug|x86.ActiveCfg = Debug|Any CPU
		{811B06E3-E3F1-43FC-8AE0-C85BBCF9C383}.UnicodeDebug|x86.Build.0 = Debug|Any CPU
		{811B06E3-E3F1-43FC-8AE0-C85BBCF9C383}.UnicodeRelease|Any CPU.ActiveCfg = Release|Any CPU
		{811B06E3-E3F1-43FC-8AE0-C85BBCF9C383}.UnicodeRelease|Any CPU.Build.0 = Release|Any CPU
		{811B06E3-E3F1-43FC-8AE0-C85BBCF9C383}.UnicodeRelease|Mixed Platforms.ActiveCfg = Release|Any CPU
		{811B06E3-E3F1-43FC-8AE0-C85BBCF9C383}.UnicodeRelease|Mixed Platforms.Build.0 = Release|Any CPU
		{811B06E3-E3F1-43FC-8AE0-C85BBCF9C383}.UnicodeRelease|x64.ActiveCfg = Release|Any CPU
		{811B06E3-E3F1-43FC-8AE0-C85BBCF9C383}.UnicodeRelease|x64.Build.0 = Release|Any CPU
		{811B06E3-E3F1-43FC-8AE0-C85BBCF9C383}.UnicodeRelease|x86.ActiveCfg = Release|Any CPU
		{811B06E3-E3F1-43FC-8AE0-C85BBCF9C383}.UnicodeRelease|x86.Build.0 = Release|Any CPU
		{ACD20391-A0D7-4DD1-ABC7-0E10E11F85AC}.Debug|Any CPU.ActiveCfg = Debug|Any CPU
		{ACD20391-A0D7-4DD1-ABC7-0E10E11F85AC}.Debug|Any CPU.Build.0 = Debug|Any CPU
		{ACD20391-A0D7-4DD1-ABC7-0E10E11F85AC}.Debug|Mixed Platforms.ActiveCfg = Debug|Any CPU
		{ACD20391-A0D7-4DD1-ABC7-0E10E11F85AC}.Debug|Mixed Platforms.Build.0 = Debug|Any CPU
		{ACD20391-A0D7-4DD1-ABC7-0E10E11F85AC}.Debug|x64.ActiveCfg = Debug|Any CPU
		{ACD20391-A0D7-4DD1-ABC7-0E10E11F85AC}.Debug|x64.Build.0 = Debug|Any CPU
		{ACD20391-A0D7-4DD1-ABC7-0E10E11F85AC}.Debug|x86.ActiveCfg = Debug|Any CPU
		{ACD20391-A0D7-4DD1-ABC7-0E10E11F85AC}.Debug|x86.Build.0 = Debug|Any CPU
		{ACD20391-A0D7-4DD1-ABC7-0E10E11F85AC}.Release|Any CPU.ActiveCfg = Release|Any CPU
		{ACD20391-A0D7-4DD1-ABC7-0E10E11F85AC}.Release|Any CPU.Build.0 = Release|Any CPU
		{ACD20391-A0D7-4DD1-ABC7-0E10E11F85AC}.Release|Mixed Platforms.ActiveCfg = Release|Any CPU
		{ACD20391-A0D7-4DD1-ABC7-0E10E11F85AC}.Release|Mixed Platforms.Build.0 = Release|Any CPU
		{ACD20391-A0D7-4DD1-ABC7-0E10E11F85AC}.Release|x64.ActiveCfg = Release|Any CPU
		{ACD20391-A0D7-4DD1-ABC7-0E10E11F85AC}.Release|x64.Build.0 = Release|Any CPU
		{ACD20391-A0D7-4DD1-ABC7-0E10E11F85AC}.Release|x86.ActiveCfg = Release|Any CPU
		{ACD20391-A0D7-4DD1-ABC7-0E10E11F85AC}.Release|x86.Build.0 = Release|Any CPU
		{ACD20391-A0D7-4DD1-ABC7-0E10E11F85AC}.UnicodeDebug|Any CPU.ActiveCfg = Debug|Any CPU
		{ACD20391-A0D7-4DD1-ABC7-0E10E11F85AC}.UnicodeDebug|Any CPU.Build.0 = Debug|Any CPU
		{ACD20391-A0D7-4DD1-ABC7-0E10E11F85AC}.UnicodeDebug|Mixed Platforms.ActiveCfg = Debug|Any CPU
		{ACD20391-A0D7-4DD1-ABC7-0E10E11F85AC}.UnicodeDebug|Mixed Platforms.Build.0 = Debug|Any CPU
		{ACD20391-A0D7-4DD1-ABC7-0E10E11F85AC}.UnicodeDebug|x64.ActiveCfg = Debug|Any CPU
		{ACD20391-A0D7-4DD1-ABC7-0E10E11F85AC}.UnicodeDebug|x64.Build.0 = Debug|Any CPU
		{ACD20391-A0D7-4DD1-ABC7-0E10E11F85AC}.UnicodeDebug|x86.ActiveCfg = Debug|Any CPU
		{ACD20391-A0D7-4DD1-ABC7-0E10E11F85AC}.UnicodeDebug|x86.Build.0 = Debug|Any CPU
		{ACD20391-A0D7-4DD1-ABC7-0E10E11F85AC}.UnicodeRelease|Any CPU.ActiveCfg = Release|Any CPU
		{ACD20391-A0D7-4DD1-ABC7-0E10E11F85AC}.UnicodeRelease|Any CPU.Build.0 = Release|Any CPU
		{ACD20391-A0D7-4DD1-ABC7-0E10E11F85AC}.UnicodeRelease|Mixed Platforms.ActiveCfg = Release|Any CPU
		{ACD20391-A0D7-4DD1-ABC7-0E10E11F85AC}.UnicodeRelease|Mixed Platforms.Build.0 = Release|Any CPU
		{ACD20391-A0D7-4DD1-ABC7-0E10E11F85AC}.UnicodeRelease|x64.ActiveCfg = Release|Any CPU
		{ACD20391-A0D7-4DD1-ABC7-0E10E11F85AC}.UnicodeRelease|x64.Build.0 = Release|Any CPU
		{ACD20391-A0D7-4DD1-ABC7-0E10E11F85AC}.UnicodeRelease|x86.ActiveCfg = Release|Any CPU
		{ACD20391-A0D7-4DD1-ABC7-0E10E11F85AC}.UnicodeRelease|x86.Build.0 = Release|Any CPU
		{7F1CEE79-C396-42A9-9FCA-5DDAE681D222}.Debug|Any CPU.ActiveCfg = Debug|Any CPU
		{7F1CEE79-C396-42A9-9FCA-5DDAE681D222}.Debug|Any CPU.Build.0 = Debug|Any CPU
		{7F1CEE79-C396-42A9-9FCA-5DDAE681D222}.Debug|Mixed Platforms.ActiveCfg = Debug|Any CPU
		{7F1CEE79-C396-42A9-9FCA-5DDAE681D222}.Debug|Mixed Platforms.Build.0 = Debug|Any CPU
		{7F1CEE79-C396-42A9-9FCA-5DDAE681D222}.Debug|x64.ActiveCfg = Debug|Any CPU
		{7F1CEE79-C396-42A9-9FCA-5DDAE681D222}.Debug|x64.Build.0 = Debug|Any CPU
		{7F1CEE79-C396-42A9-9FCA-5DDAE681D222}.Debug|x86.ActiveCfg = Debug|Any CPU
		{7F1CEE79-C396-42A9-9FCA-5DDAE681D222}.Debug|x86.Build.0 = Debug|Any CPU
		{7F1CEE79-C396-42A9-9FCA-5DDAE681D222}.Release|Any CPU.ActiveCfg = Release|Any CPU
		{7F1CEE79-C396-42A9-9FCA-5DDAE681D222}.Release|Any CPU.Build.0 = Release|Any CPU
		{7F1CEE79-C396-42A9-9FCA-5DDAE681D222}.Release|Mixed Platforms.ActiveCfg = Release|Any CPU
		{7F1CEE79-C396-42A9-9FCA-5DDAE681D222}.Release|Mixed Platforms.Build.0 = Release|Any CPU
		{7F1CEE79-C396-42A9-9FCA-5DDAE681D222}.Release|x64.ActiveCfg = Release|Any CPU
		{7F1CEE79-C396-42A9-9FCA-5DDAE681D222}.Release|x64.Build.0 = Release|Any CPU
		{7F1CEE79-C396-42A9-9FCA-5DDAE681D222}.Release|x86.ActiveCfg = Release|Any CPU
		{7F1CEE79-C396-42A9-9FCA-5DDAE681D222}.Release|x86.Build.0 = Release|Any CPU
		{7F1CEE79-C396-42A9-9FCA-5DDAE681D222}.UnicodeDebug|Any CPU.ActiveCfg = Debug|Any CPU
		{7F1CEE79-C396-42A9-9FCA-5DDAE681D222}.UnicodeDebug|Any CPU.Build.0 = Debug|Any CPU
		{7F1CEE79-C396-42A9-9FCA-5DDAE681D222}.UnicodeDebug|Mixed Platforms.ActiveCfg = Debug|Any CPU
		{7F1CEE79-C396-42A9-9FCA-5DDAE681D222}.UnicodeDebug|Mixed Platforms.Build.0 = Debug|Any CPU
		{7F1CEE79-C396-42A9-9FCA-5DDAE681D222}.UnicodeDebug|x64.ActiveCfg = Debug|Any CPU
		{7F1CEE79-C396-42A9-9FCA-5DDAE681D222}.UnicodeDebug|x64.Build.0 = Debug|Any CPU
		{7F1CEE79-C396-42A9-9FCA-5DDAE681D222}.UnicodeDebug|x86.ActiveCfg = Debug|Any CPU
		{7F1CEE79-C396-42A9-9FCA-5DDAE681D222}.UnicodeDebug|x86.Build.0 = Debug|Any CPU
		{7F1CEE79-C396-42A9-9FCA-5DDAE681D222}.UnicodeRelease|Any CPU.ActiveCfg = Release|Any CPU
		{7F1CEE79-C396-42A9-9FCA-5DDAE681D222}.UnicodeRelease|Any CPU.Build.0 = Release|Any CPU
		{7F1CEE79-C396-42A9-9FCA-5DDAE681D222}.UnicodeRelease|Mixed Platforms.ActiveCfg = Release|Any CPU
		{7F1CEE79-C396-42A9-9FCA-5DDAE681D222}.UnicodeRelease|Mixed Platforms.Build.0 = Release|Any CPU
		{7F1CEE79-C396-42A9-9FCA-5DDAE681D222}.UnicodeRelease|x64.ActiveCfg = Release|Any CPU
		{7F1CEE79-C396-42A9-9FCA-5DDAE681D222}.UnicodeRelease|x64.Build.0 = Release|Any CPU
		{7F1CEE79-C396-42A9-9FCA-5DDAE681D222}.UnicodeRelease|x86.ActiveCfg = Release|Any CPU
		{7F1CEE79-C396-42A9-9FCA-5DDAE681D222}.UnicodeRelease|x86.Build.0 = Release|Any CPU
		{9F0BE475-25D1-4FC8-8CD2-1957A971DA32}.Debug|Any CPU.ActiveCfg = Debug|Any CPU
		{9F0BE475-25D1-4FC8-8CD2-1957A971DA32}.Debug|Any CPU.Build.0 = Debug|Any CPU
		{9F0BE475-25D1-4FC8-8CD2-1957A971DA32}.Debug|Mixed Platforms.ActiveCfg = Debug|Any CPU
		{9F0BE475-25D1-4FC8-8CD2-1957A971DA32}.Debug|Mixed Platforms.Build.0 = Debug|Any CPU
		{9F0BE475-25D1-4FC8-8CD2-1957A971DA32}.Debug|x64.ActiveCfg = Debug|Any CPU
		{9F0BE475-25D1-4FC8-8CD2-1957A971DA32}.Debug|x64.Build.0 = Debug|Any CPU
		{9F0BE475-25D1-4FC8-8CD2-1957A971DA32}.Debug|x86.ActiveCfg = Debug|Any CPU
		{9F0BE475-25D1-4FC8-8CD2-1957A971DA32}.Debug|x86.Build.0 = Debug|Any CPU
		{9F0BE475-25D1-4FC8-8CD2-1957A971DA32}.Release|Any CPU.ActiveCfg = Release|Any CPU
		{9F0BE475-25D1-4FC8-8CD2-1957A971DA32}.Release|Any CPU.Build.0 = Release|Any CPU
		{9F0BE475-25D1-4FC8-8CD2-1957A971DA32}.Release|Mixed Platforms.ActiveCfg = Release|Any CPU
		{9F0BE475-25D1-4FC8-8CD2-1957A971DA32}.Release|Mixed Platforms.Build.0 = Release|Any CPU
		{9F0BE475-25D1-4FC8-8CD2-1957A971DA32}.Release|x64.ActiveCfg = Release|Any CPU
		{9F0BE475-25D1-4FC8-8CD2-1957A971DA32}.Release|x64.Build.0 = Release|Any CPU
		{9F0BE475-25D1-4FC8-8CD2-1957A971DA32}.Release|x86.ActiveCfg = Release|Any CPU
		{9F0BE475-25D1-4FC8-8CD2-1957A971DA32}.Release|x86.Build.0 = Release|Any CPU
		{9F0BE475-25D1-4FC8-8CD2-1957A971DA32}.UnicodeDebug|Any CPU.ActiveCfg = Debug|Any CPU
		{9F0BE475-25D1-4FC8-8CD2-1957A971DA32}.UnicodeDebug|Any CPU.Build.0 = Debug|Any CPU
		{9F0BE475-25D1-4FC8-8CD2-1957A971DA32}.UnicodeDebug|Mixed Platforms.ActiveCfg = Debug|Any CPU
		{9F0BE475-25D1-4FC8-8CD2-1957A971DA32}.UnicodeDebug|Mixed Platforms.Build.0 = Debug|Any CPU
		{9F0BE475-25D1-4FC8-8CD2-1957A971DA32}.UnicodeDebug|x64.ActiveCfg = Debug|Any CPU
		{9F0BE475-25D1-4FC8-8CD2-1957A971DA32}.UnicodeDebug|x64.Build.0 = Debug|Any CPU
		{9F0BE475-25D1-4FC8-8CD2-1957A971DA32}.UnicodeDebug|x86.ActiveCfg = Debug|Any CPU
		{9F0BE475-25D1-4FC8-8CD2-1957A971DA32}.UnicodeDebug|x86.Build.0 = Debug|Any CPU
		{9F0BE475-25D1-4FC8-8CD2-1957A971DA32}.UnicodeRelease|Any CPU.ActiveCfg = Release|Any CPU
		{9F0BE475-25D1-4FC8-8CD2-1957A971DA32}.UnicodeRelease|Any CPU.Build.0 = Release|Any CPU
		{9F0BE475-25D1-4FC8-8CD2-1957A971DA32}.UnicodeRelease|Mixed Platforms.ActiveCfg = Release|Any CPU
		{9F0BE475-25D1-4FC8-8CD2-1957A971DA32}.UnicodeRelease|Mixed Platforms.Build.0 = Release|Any CPU
		{9F0BE475-25D1-4FC8-8CD2-1957A971DA32}.UnicodeRelease|x64.ActiveCfg = Release|Any CPU
		{9F0BE475-25D1-4FC8-8CD2-1957A971DA32}.UnicodeRelease|x64.Build.0 = Release|Any CPU
		{9F0BE475-25D1-4FC8-8CD2-1957A971DA32}.UnicodeRelease|x86.ActiveCfg = Release|Any CPU
		{9F0BE475-25D1-4FC8-8CD2-1957A971DA32}.UnicodeRelease|x86.Build.0 = Release|Any CPU
		{4A148A91-7AD9-44FF-A72B-46BD5AE63EB6}.Debug|Any CPU.ActiveCfg = Debug|Any CPU
		{4A148A91-7AD9-44FF-A72B-46BD5AE63EB6}.Debug|Any CPU.Build.0 = Debug|Any CPU
		{4A148A91-7AD9-44FF-A72B-46BD5AE63EB6}.Debug|Mixed Platforms.ActiveCfg = Debug|Any CPU
		{4A148A91-7AD9-44FF-A72B-46BD5AE63EB6}.Debug|Mixed Platforms.Build.0 = Debug|Any CPU
		{4A148A91-7AD9-44FF-A72B-46BD5AE63EB6}.Debug|x64.ActiveCfg = Debug|Any CPU
		{4A148A91-7AD9-44FF-A72B-46BD5AE63EB6}.Debug|x64.Build.0 = Debug|Any CPU
		{4A148A91-7AD9-44FF-A72B-46BD5AE63EB6}.Debug|x86.ActiveCfg = Debug|Any CPU
		{4A148A91-7AD9-44FF-A72B-46BD5AE63EB6}.Debug|x86.Build.0 = Debug|Any CPU
		{4A148A91-7AD9-44FF-A72B-46BD5AE63EB6}.Release|Any CPU.ActiveCfg = Release|Any CPU
		{4A148A91-7AD9-44FF-A72B-46BD5AE63EB6}.Release|Any CPU.Build.0 = Release|Any CPU
		{4A148A91-7AD9-44FF-A72B-46BD5AE63EB6}.Release|Mixed Platforms.ActiveCfg = Release|Any CPU
		{4A148A91-7AD9-44FF-A72B-46BD5AE63EB6}.Release|Mixed Platforms.Build.0 = Release|Any CPU
		{4A148A91-7AD9-44FF-A72B-46BD5AE63EB6}.Release|x64.ActiveCfg = Release|Any CPU
		{4A148A91-7AD9-44FF-A72B-46BD5AE63EB6}.Release|x64.Build.0 = Release|Any CPU
		{4A148A91-7AD9-44FF-A72B-46BD5AE63EB6}.Release|x86.ActiveCfg = Release|Any CPU
		{4A148A91-7AD9-44FF-A72B-46BD5AE63EB6}.Release|x86.Build.0 = Release|Any CPU
		{4A148A91-7AD9-44FF-A72B-46BD5AE63EB6}.UnicodeDebug|Any CPU.ActiveCfg = Debug|Any CPU
		{4A148A91-7AD9-44FF-A72B-46BD5AE63EB6}.UnicodeDebug|Any CPU.Build.0 = Debug|Any CPU
		{4A148A91-7AD9-44FF-A72B-46BD5AE63EB6}.UnicodeDebug|Mixed Platforms.ActiveCfg = Debug|Any CPU
		{4A148A91-7AD9-44FF-A72B-46BD5AE63EB6}.UnicodeDebug|Mixed Platforms.Build.0 = Debug|Any CPU
		{4A148A91-7AD9-44FF-A72B-46BD5AE63EB6}.UnicodeDebug|x64.ActiveCfg = Debug|Any CPU
		{4A148A91-7AD9-44FF-A72B-46BD5AE63EB6}.UnicodeDebug|x64.Build.0 = Debug|Any CPU
		{4A148A91-7AD9-44FF-A72B-46BD5AE63EB6}.UnicodeDebug|x86.ActiveCfg = Debug|Any CPU
		{4A148A91-7AD9-44FF-A72B-46BD5AE63EB6}.UnicodeDebug|x86.Build.0 = Debug|Any CPU
		{4A148A91-7AD9-44FF-A72B-46BD5AE63EB6}.UnicodeRelease|Any CPU.ActiveCfg = Release|Any CPU
		{4A148A91-7AD9-44FF-A72B-46BD5AE63EB6}.UnicodeRelease|Any CPU.Build.0 = Release|Any CPU
		{4A148A91-7AD9-44FF-A72B-46BD5AE63EB6}.UnicodeRelease|Mixed Platforms.ActiveCfg = Release|Any CPU
		{4A148A91-7AD9-44FF-A72B-46BD5AE63EB6}.UnicodeRelease|Mixed Platforms.Build.0 = Release|Any CPU
		{4A148A91-7AD9-44FF-A72B-46BD5AE63EB6}.UnicodeRelease|x64.ActiveCfg = Release|Any CPU
		{4A148A91-7AD9-44FF-A72B-46BD5AE63EB6}.UnicodeRelease|x64.Build.0 = Release|Any CPU
		{4A148A91-7AD9-44FF-A72B-46BD5AE63EB6}.UnicodeRelease|x86.ActiveCfg = Release|Any CPU
		{4A148A91-7AD9-44FF-A72B-46BD5AE63EB6}.UnicodeRelease|x86.Build.0 = Release|Any CPU
		{5A9DD4FA-5C56-414E-87F3-EFB5CEBBDC5C}.Debug|Any CPU.ActiveCfg = Debug|Any CPU
		{5A9DD4FA-5C56-414E-87F3-EFB5CEBBDC5C}.Debug|Any CPU.Build.0 = Debug|Any CPU
		{5A9DD4FA-5C56-414E-87F3-EFB5CEBBDC5C}.Debug|Mixed Platforms.ActiveCfg = Debug|Any CPU
		{5A9DD4FA-5C56-414E-87F3-EFB5CEBBDC5C}.Debug|Mixed Platforms.Build.0 = Debug|Any CPU
		{5A9DD4FA-5C56-414E-87F3-EFB5CEBBDC5C}.Debug|x64.ActiveCfg = Debug|Any CPU
		{5A9DD4FA-5C56-414E-87F3-EFB5CEBBDC5C}.Debug|x64.Build.0 = Debug|Any CPU
		{5A9DD4FA-5C56-414E-87F3-EFB5CEBBDC5C}.Debug|x86.ActiveCfg = Debug|Any CPU
		{5A9DD4FA-5C56-414E-87F3-EFB5CEBBDC5C}.Debug|x86.Build.0 = Debug|Any CPU
		{5A9DD4FA-5C56-414E-87F3-EFB5CEBBDC5C}.Release|Any CPU.ActiveCfg = Release|Any CPU
		{5A9DD4FA-5C56-414E-87F3-EFB5CEBBDC5C}.Release|Any CPU.Build.0 = Release|Any CPU
		{5A9DD4FA-5C56-414E-87F3-EFB5CEBBDC5C}.Release|Mixed Platforms.ActiveCfg = Release|Any CPU
		{5A9DD4FA-5C56-414E-87F3-EFB5CEBBDC5C}.Release|Mixed Platforms.Build.0 = Release|Any CPU
		{5A9DD4FA-5C56-414E-87F3-EFB5CEBBDC5C}.Release|x64.ActiveCfg = Release|Any CPU
		{5A9DD4FA-5C56-414E-87F3-EFB5CEBBDC5C}.Release|x64.Build.0 = Release|Any CPU
		{5A9DD4FA-5C56-414E-87F3-EFB5CEBBDC5C}.Release|x86.ActiveCfg = Release|Any CPU
		{5A9DD4FA-5C56-414E-87F3-EFB5CEBBDC5C}.Release|x86.Build.0 = Release|Any CPU
		{5A9DD4FA-5C56-414E-87F3-EFB5CEBBDC5C}.UnicodeDebug|Any CPU.ActiveCfg = Debug|Any CPU
		{5A9DD4FA-5C56-414E-87F3-EFB5CEBBDC5C}.UnicodeDebug|Any CPU.Build.0 = Debug|Any CPU
		{5A9DD4FA-5C56-414E-87F3-EFB5CEBBDC5C}.UnicodeDebug|Mixed Platforms.ActiveCfg = Debug|Any CPU
		{5A9DD4FA-5C56-414E-87F3-EFB5CEBBDC5C}.UnicodeDebug|Mixed Platforms.Build.0 = Debug|Any CPU
		{5A9DD4FA-5C56-414E-87F3-EFB5CEBBDC5C}.UnicodeDebug|x64.ActiveCfg = Debug|Any CPU
		{5A9DD4FA-5C56-414E-87F3-EFB5CEBBDC5C}.UnicodeDebug|x64.Build.0 = Debug|Any CPU
		{5A9DD4FA-5C56-414E-87F3-EFB5CEBBDC5C}.UnicodeDebug|x86.ActiveCfg = Debug|Any CPU
		{5A9DD4FA-5C56-414E-87F3-EFB5CEBBDC5C}.UnicodeDebug|x86.Build.0 = Debug|Any CPU
		{5A9DD4FA-5C56-414E-87F3-EFB5CEBBDC5C}.UnicodeRelease|Any CPU.ActiveCfg = Release|Any CPU
		{5A9DD4FA-5C56-414E-87F3-EFB5CEBBDC5C}.UnicodeRelease|Any CPU.Build.0 = Release|Any CPU
		{5A9DD4FA-5C56-414E-87F3-EFB5CEBBDC5C}.UnicodeRelease|Mixed Platforms.ActiveCfg = Release|Any CPU
		{5A9DD4FA-5C56-414E-87F3-EFB5CEBBDC5C}.UnicodeRelease|Mixed Platforms.Build.0 = Release|Any CPU
		{5A9DD4FA-5C56-414E-87F3-EFB5CEBBDC5C}.UnicodeRelease|x64.ActiveCfg = Release|Any CPU
		{5A9DD4FA-5C56-414E-87F3-EFB5CEBBDC5C}.UnicodeRelease|x64.Build.0 = Release|Any CPU
		{5A9DD4FA-5C56-414E-87F3-EFB5CEBBDC5C}.UnicodeRelease|x86.ActiveCfg = Release|Any CPU
		{5A9DD4FA-5C56-414E-87F3-EFB5CEBBDC5C}.UnicodeRelease|x86.Build.0 = Release|Any CPU
		{42CC9731-6F90-4B00-93E1-41BBBB483F83}.Debug|Any CPU.ActiveCfg = Debug|Any CPU
		{42CC9731-6F90-4B00-93E1-41BBBB483F83}.Debug|Any CPU.Build.0 = Debug|Any CPU
		{42CC9731-6F90-4B00-93E1-41BBBB483F83}.Debug|Mixed Platforms.ActiveCfg = Debug|Any CPU
		{42CC9731-6F90-4B00-93E1-41BBBB483F83}.Debug|Mixed Platforms.Build.0 = Debug|Any CPU
		{42CC9731-6F90-4B00-93E1-41BBBB483F83}.Debug|x64.ActiveCfg = Debug|Any CPU
		{42CC9731-6F90-4B00-93E1-41BBBB483F83}.Debug|x64.Build.0 = Debug|Any CPU
		{42CC9731-6F90-4B00-93E1-41BBBB483F83}.Debug|x86.ActiveCfg = Debug|Any CPU
		{42CC9731-6F90-4B00-93E1-41BBBB483F83}.Debug|x86.Build.0 = Debug|Any CPU
		{42CC9731-6F90-4B00-93E1-41BBBB483F83}.Release|Any CPU.ActiveCfg = Release|Any CPU
		{42CC9731-6F90-4B00-93E1-41BBBB483F83}.Release|Any CPU.Build.0 = Release|Any CPU
		{42CC9731-6F90-4B00-93E1-41BBBB483F83}.Release|Mixed Platforms.ActiveCfg = Release|Any CPU
		{42CC9731-6F90-4B00-93E1-41BBBB483F83}.Release|Mixed Platforms.Build.0 = Release|Any CPU
		{42CC9731-6F90-4B00-93E1-41BBBB483F83}.Release|x64.ActiveCfg = Release|Any CPU
		{42CC9731-6F90-4B00-93E1-41BBBB483F83}.Release|x64.Build.0 = Release|Any CPU
		{42CC9731-6F90-4B00-93E1-41BBBB483F83}.Release|x86.ActiveCfg = Release|Any CPU
		{42CC9731-6F90-4B00-93E1-41BBBB483F83}.Release|x86.Build.0 = Release|Any CPU
		{42CC9731-6F90-4B00-93E1-41BBBB483F83}.UnicodeDebug|Any CPU.ActiveCfg = Debug|Any CPU
		{42CC9731-6F90-4B00-93E1-41BBBB483F83}.UnicodeDebug|Any CPU.Build.0 = Debug|Any CPU
		{42CC9731-6F90-4B00-93E1-41BBBB483F83}.UnicodeDebug|Mixed Platforms.ActiveCfg = Debug|Any CPU
		{42CC9731-6F90-4B00-93E1-41BBBB483F83}.UnicodeDebug|Mixed Platforms.Build.0 = Debug|Any CPU
		{42CC9731-6F90-4B00-93E1-41BBBB483F83}.UnicodeDebug|x64.ActiveCfg = Debug|Any CPU
		{42CC9731-6F90-4B00-93E1-41BBBB483F83}.UnicodeDebug|x64.Build.0 = Debug|Any CPU
		{42CC9731-6F90-4B00-93E1-41BBBB483F83}.UnicodeDebug|x86.ActiveCfg = Debug|Any CPU
		{42CC9731-6F90-4B00-93E1-41BBBB483F83}.UnicodeDebug|x86.Build.0 = Debug|Any CPU
		{42CC9731-6F90-4B00-93E1-41BBBB483F83}.UnicodeRelease|Any CPU.ActiveCfg = Release|Any CPU
		{42CC9731-6F90-4B00-93E1-41BBBB483F83}.UnicodeRelease|Any CPU.Build.0 = Release|Any CPU
		{42CC9731-6F90-4B00-93E1-41BBBB483F83}.UnicodeRelease|Mixed Platforms.ActiveCfg = Release|Any CPU
		{42CC9731-6F90-4B00-93E1-41BBBB483F83}.UnicodeRelease|Mixed Platforms.Build.0 = Release|Any CPU
		{42CC9731-6F90-4B00-93E1-41BBBB483F83}.UnicodeRelease|x64.ActiveCfg = Release|Any CPU
		{42CC9731-6F90-4B00-93E1-41BBBB483F83}.UnicodeRelease|x64.Build.0 = Release|Any CPU
		{42CC9731-6F90-4B00-93E1-41BBBB483F83}.UnicodeRelease|x86.ActiveCfg = Release|Any CPU
		{42CC9731-6F90-4B00-93E1-41BBBB483F83}.UnicodeRelease|x86.Build.0 = Release|Any CPU
		{CD28B692-E9AA-44F3-AFEA-9C88754A9008}.Debug|Any CPU.ActiveCfg = Debug|Any CPU
		{CD28B692-E9AA-44F3-AFEA-9C88754A9008}.Debug|Any CPU.Build.0 = Debug|Any CPU
		{CD28B692-E9AA-44F3-AFEA-9C88754A9008}.Debug|Mixed Platforms.ActiveCfg = Debug|Any CPU
		{CD28B692-E9AA-44F3-AFEA-9C88754A9008}.Debug|Mixed Platforms.Build.0 = Debug|Any CPU
		{CD28B692-E9AA-44F3-AFEA-9C88754A9008}.Debug|x64.ActiveCfg = Debug|Any CPU
		{CD28B692-E9AA-44F3-AFEA-9C88754A9008}.Debug|x64.Build.0 = Debug|Any CPU
		{CD28B692-E9AA-44F3-AFEA-9C88754A9008}.Debug|x86.ActiveCfg = Debug|Any CPU
		{CD28B692-E9AA-44F3-AFEA-9C88754A9008}.Debug|x86.Build.0 = Debug|Any CPU
		{CD28B692-E9AA-44F3-AFEA-9C88754A9008}.Release|Any CPU.ActiveCfg = Release|Any CPU
		{CD28B692-E9AA-44F3-AFEA-9C88754A9008}.Release|Any CPU.Build.0 = Release|Any CPU
		{CD28B692-E9AA-44F3-AFEA-9C88754A9008}.Release|Mixed Platforms.ActiveCfg = Release|Any CPU
		{CD28B692-E9AA-44F3-AFEA-9C88754A9008}.Release|Mixed Platforms.Build.0 = Release|Any CPU
		{CD28B692-E9AA-44F3-AFEA-9C88754A9008}.Release|x64.ActiveCfg = Release|Any CPU
		{CD28B692-E9AA-44F3-AFEA-9C88754A9008}.Release|x64.Build.0 = Release|Any CPU
		{CD28B692-E9AA-44F3-AFEA-9C88754A9008}.Release|x86.ActiveCfg = Release|Any CPU
		{CD28B692-E9AA-44F3-AFEA-9C88754A9008}.Release|x86.Build.0 = Release|Any CPU
		{CD28B692-E9AA-44F3-AFEA-9C88754A9008}.UnicodeDebug|Any CPU.ActiveCfg = Debug|Any CPU
		{CD28B692-E9AA-44F3-AFEA-9C88754A9008}.UnicodeDebug|Any CPU.Build.0 = Debug|Any CPU
		{CD28B692-E9AA-44F3-AFEA-9C88754A9008}.UnicodeDebug|Mixed Platforms.ActiveCfg = Debug|Any CPU
		{CD28B692-E9AA-44F3-AFEA-9C88754A9008}.UnicodeDebug|Mixed Platforms.Build.0 = Debug|Any CPU
		{CD28B692-E9AA-44F3-AFEA-9C88754A9008}.UnicodeDebug|x64.ActiveCfg = Debug|Any CPU
		{CD28B692-E9AA-44F3-AFEA-9C88754A9008}.UnicodeDebug|x64.Build.0 = Debug|Any CPU
		{CD28B692-E9AA-44F3-AFEA-9C88754A9008}.UnicodeDebug|x86.ActiveCfg = Debug|Any CPU
		{CD28B692-E9AA-44F3-AFEA-9C88754A9008}.UnicodeDebug|x86.Build.0 = Debug|Any CPU
		{CD28B692-E9AA-44F3-AFEA-9C88754A9008}.UnicodeRelease|Any CPU.ActiveCfg = Release|Any CPU
		{CD28B692-E9AA-44F3-AFEA-9C88754A9008}.UnicodeRelease|Any CPU.Build.0 = Release|Any CPU
		{CD28B692-E9AA-44F3-AFEA-9C88754A9008}.UnicodeRelease|Mixed Platforms.ActiveCfg = Release|Any CPU
		{CD28B692-E9AA-44F3-AFEA-9C88754A9008}.UnicodeRelease|Mixed Platforms.Build.0 = Release|Any CPU
		{CD28B692-E9AA-44F3-AFEA-9C88754A9008}.UnicodeRelease|x64.ActiveCfg = Release|Any CPU
		{CD28B692-E9AA-44F3-AFEA-9C88754A9008}.UnicodeRelease|x64.Build.0 = Release|Any CPU
		{CD28B692-E9AA-44F3-AFEA-9C88754A9008}.UnicodeRelease|x86.ActiveCfg = Release|Any CPU
		{CD28B692-E9AA-44F3-AFEA-9C88754A9008}.UnicodeRelease|x86.Build.0 = Release|Any CPU
		{065B911B-683B-4156-824F-D1C4351476B8}.Debug|Any CPU.ActiveCfg = Debug|Any CPU
		{065B911B-683B-4156-824F-D1C4351476B8}.Debug|Any CPU.Build.0 = Debug|Any CPU
		{065B911B-683B-4156-824F-D1C4351476B8}.Debug|Mixed Platforms.ActiveCfg = Debug|Any CPU
		{065B911B-683B-4156-824F-D1C4351476B8}.Debug|Mixed Platforms.Build.0 = Debug|Any CPU
		{065B911B-683B-4156-824F-D1C4351476B8}.Debug|x64.ActiveCfg = Debug|Any CPU
		{065B911B-683B-4156-824F-D1C4351476B8}.Debug|x64.Build.0 = Debug|Any CPU
		{065B911B-683B-4156-824F-D1C4351476B8}.Debug|x86.ActiveCfg = Debug|Any CPU
		{065B911B-683B-4156-824F-D1C4351476B8}.Debug|x86.Build.0 = Debug|Any CPU
		{065B911B-683B-4156-824F-D1C4351476B8}.Release|Any CPU.ActiveCfg = Release|Any CPU
		{065B911B-683B-4156-824F-D1C4351476B8}.Release|Any CPU.Build.0 = Release|Any CPU
		{065B911B-683B-4156-824F-D1C4351476B8}.Release|Mixed Platforms.ActiveCfg = Release|Any CPU
		{065B911B-683B-4156-824F-D1C4351476B8}.Release|Mixed Platforms.Build.0 = Release|Any CPU
		{065B911B-683B-4156-824F-D1C4351476B8}.Release|x64.ActiveCfg = Release|Any CPU
		{065B911B-683B-4156-824F-D1C4351476B8}.Release|x64.Build.0 = Release|Any CPU
		{065B911B-683B-4156-824F-D1C4351476B8}.Release|x86.ActiveCfg = Release|Any CPU
		{065B911B-683B-4156-824F-D1C4351476B8}.Release|x86.Build.0 = Release|Any CPU
		{065B911B-683B-4156-824F-D1C4351476B8}.UnicodeDebug|Any CPU.ActiveCfg = Debug|Any CPU
		{065B911B-683B-4156-824F-D1C4351476B8}.UnicodeDebug|Any CPU.Build.0 = Debug|Any CPU
		{065B911B-683B-4156-824F-D1C4351476B8}.UnicodeDebug|Mixed Platforms.ActiveCfg = Debug|Any CPU
		{065B911B-683B-4156-824F-D1C4351476B8}.UnicodeDebug|Mixed Platforms.Build.0 = Debug|Any CPU
		{065B911B-683B-4156-824F-D1C4351476B8}.UnicodeDebug|x64.ActiveCfg = Debug|Any CPU
		{065B911B-683B-4156-824F-D1C4351476B8}.UnicodeDebug|x64.Build.0 = Debug|Any CPU
		{065B911B-683B-4156-824F-D1C4351476B8}.UnicodeDebug|x86.ActiveCfg = Debug|Any CPU
		{065B911B-683B-4156-824F-D1C4351476B8}.UnicodeDebug|x86.Build.0 = Debug|Any CPU
		{065B911B-683B-4156-824F-D1C4351476B8}.UnicodeRelease|Any CPU.ActiveCfg = Release|Any CPU
		{065B911B-683B-4156-824F-D1C4351476B8}.UnicodeRelease|Any CPU.Build.0 = Release|Any CPU
		{065B911B-683B-4156-824F-D1C4351476B8}.UnicodeRelease|Mixed Platforms.ActiveCfg = Release|Any CPU
		{065B911B-683B-4156-824F-D1C4351476B8}.UnicodeRelease|Mixed Platforms.Build.0 = Release|Any CPU
		{065B911B-683B-4156-824F-D1C4351476B8}.UnicodeRelease|x64.ActiveCfg = Release|Any CPU
		{065B911B-683B-4156-824F-D1C4351476B8}.UnicodeRelease|x64.Build.0 = Release|Any CPU
		{065B911B-683B-4156-824F-D1C4351476B8}.UnicodeRelease|x86.ActiveCfg = Release|Any CPU
		{065B911B-683B-4156-824F-D1C4351476B8}.UnicodeRelease|x86.Build.0 = Release|Any CPU
		{3903177E-0609-4CF7-A465-4786E9131ABE}.Debug|Any CPU.ActiveCfg = Debug|Any CPU
		{3903177E-0609-4CF7-A465-4786E9131ABE}.Debug|Any CPU.Build.0 = Debug|Any CPU
		{3903177E-0609-4CF7-A465-4786E9131ABE}.Debug|Mixed Platforms.ActiveCfg = Debug|Any CPU
		{3903177E-0609-4CF7-A465-4786E9131ABE}.Debug|Mixed Platforms.Build.0 = Debug|Any CPU
		{3903177E-0609-4CF7-A465-4786E9131ABE}.Debug|x64.ActiveCfg = Debug|Any CPU
		{3903177E-0609-4CF7-A465-4786E9131ABE}.Debug|x64.Build.0 = Debug|Any CPU
		{3903177E-0609-4CF7-A465-4786E9131ABE}.Debug|x86.ActiveCfg = Debug|Any CPU
		{3903177E-0609-4CF7-A465-4786E9131ABE}.Debug|x86.Build.0 = Debug|Any CPU
		{3903177E-0609-4CF7-A465-4786E9131ABE}.Release|Any CPU.ActiveCfg = Release|Any CPU
		{3903177E-0609-4CF7-A465-4786E9131ABE}.Release|Any CPU.Build.0 = Release|Any CPU
		{3903177E-0609-4CF7-A465-4786E9131ABE}.Release|Mixed Platforms.ActiveCfg = Release|Any CPU
		{3903177E-0609-4CF7-A465-4786E9131ABE}.Release|Mixed Platforms.Build.0 = Release|Any CPU
		{3903177E-0609-4CF7-A465-4786E9131ABE}.Release|x64.ActiveCfg = Release|Any CPU
		{3903177E-0609-4CF7-A465-4786E9131ABE}.Release|x64.Build.0 = Release|Any CPU
		{3903177E-0609-4CF7-A465-4786E9131ABE}.Release|x86.ActiveCfg = Release|Any CPU
		{3903177E-0609-4CF7-A465-4786E9131ABE}.Release|x86.Build.0 = Release|Any CPU
		{3903177E-0609-4CF7-A465-4786E9131ABE}.UnicodeDebug|Any CPU.ActiveCfg = Debug|Any CPU
		{3903177E-0609-4CF7-A465-4786E9131ABE}.UnicodeDebug|Any CPU.Build.0 = Debug|Any CPU
		{3903177E-0609-4CF7-A465-4786E9131ABE}.UnicodeDebug|Mixed Platforms.ActiveCfg = Debug|Any CPU
		{3903177E-0609-4CF7-A465-4786E9131ABE}.UnicodeDebug|Mixed Platforms.Build.0 = Debug|Any CPU
		{3903177E-0609-4CF7-A465-4786E9131ABE}.UnicodeDebug|x64.ActiveCfg = Debug|Any CPU
		{3903177E-0609-4CF7-A465-4786E9131ABE}.UnicodeDebug|x64.Build.0 = Debug|Any CPU
		{3903177E-0609-4CF7-A465-4786E9131ABE}.UnicodeDebug|x86.ActiveCfg = Debug|Any CPU
		{3903177E-0609-4CF7-A465-4786E9131ABE}.UnicodeDebug|x86.Build.0 = Debug|Any CPU
		{3903177E-0609-4CF7-A465-4786E9131ABE}.UnicodeRelease|Any CPU.ActiveCfg = Release|Any CPU
		{3903177E-0609-4CF7-A465-4786E9131ABE}.UnicodeRelease|Any CPU.Build.0 = Release|Any CPU
		{3903177E-0609-4CF7-A465-4786E9131ABE}.UnicodeRelease|Mixed Platforms.ActiveCfg = Release|Any CPU
		{3903177E-0609-4CF7-A465-4786E9131ABE}.UnicodeRelease|Mixed Platforms.Build.0 = Release|Any CPU
		{3903177E-0609-4CF7-A465-4786E9131ABE}.UnicodeRelease|x64.ActiveCfg = Release|Any CPU
		{3903177E-0609-4CF7-A465-4786E9131ABE}.UnicodeRelease|x64.Build.0 = Release|Any CPU
		{3903177E-0609-4CF7-A465-4786E9131ABE}.UnicodeRelease|x86.ActiveCfg = Release|Any CPU
		{3903177E-0609-4CF7-A465-4786E9131ABE}.UnicodeRelease|x86.Build.0 = Release|Any CPU
		{DE789DAE-7F95-438D-9343-E81BB9D9D7C1}.Debug|Any CPU.ActiveCfg = Debug|Any CPU
		{DE789DAE-7F95-438D-9343-E81BB9D9D7C1}.Debug|Any CPU.Build.0 = Debug|Any CPU
		{DE789DAE-7F95-438D-9343-E81BB9D9D7C1}.Debug|Mixed Platforms.ActiveCfg = Debug|Any CPU
		{DE789DAE-7F95-438D-9343-E81BB9D9D7C1}.Debug|Mixed Platforms.Build.0 = Debug|Any CPU
		{DE789DAE-7F95-438D-9343-E81BB9D9D7C1}.Debug|x64.ActiveCfg = Debug|Any CPU
		{DE789DAE-7F95-438D-9343-E81BB9D9D7C1}.Debug|x64.Build.0 = Debug|Any CPU
		{DE789DAE-7F95-438D-9343-E81BB9D9D7C1}.Debug|x86.ActiveCfg = Debug|Any CPU
		{DE789DAE-7F95-438D-9343-E81BB9D9D7C1}.Debug|x86.Build.0 = Debug|Any CPU
		{DE789DAE-7F95-438D-9343-E81BB9D9D7C1}.Release|Any CPU.ActiveCfg = Release|Any CPU
		{DE789DAE-7F95-438D-9343-E81BB9D9D7C1}.Release|Any CPU.Build.0 = Release|Any CPU
		{DE789DAE-7F95-438D-9343-E81BB9D9D7C1}.Release|Mixed Platforms.ActiveCfg = Release|Any CPU
		{DE789DAE-7F95-438D-9343-E81BB9D9D7C1}.Release|Mixed Platforms.Build.0 = Release|Any CPU
		{DE789DAE-7F95-438D-9343-E81BB9D9D7C1}.Release|x64.ActiveCfg = Release|Any CPU
		{DE789DAE-7F95-438D-9343-E81BB9D9D7C1}.Release|x64.Build.0 = Release|Any CPU
		{DE789DAE-7F95-438D-9343-E81BB9D9D7C1}.Release|x86.ActiveCfg = Release|Any CPU
		{DE789DAE-7F95-438D-9343-E81BB9D9D7C1}.Release|x86.Build.0 = Release|Any CPU
		{DE789DAE-7F95-438D-9343-E81BB9D9D7C1}.UnicodeDebug|Any CPU.ActiveCfg = Debug|Any CPU
		{DE789DAE-7F95-438D-9343-E81BB9D9D7C1}.UnicodeDebug|Any CPU.Build.0 = Debug|Any CPU
		{DE789DAE-7F95-438D-9343-E81BB9D9D7C1}.UnicodeDebug|Mixed Platforms.ActiveCfg = Debug|Any CPU
		{DE789DAE-7F95-438D-9343-E81BB9D9D7C1}.UnicodeDebug|Mixed Platforms.Build.0 = Debug|Any CPU
		{DE789DAE-7F95-438D-9343-E81BB9D9D7C1}.UnicodeDebug|x64.ActiveCfg = Debug|Any CPU
		{DE789DAE-7F95-438D-9343-E81BB9D9D7C1}.UnicodeDebug|x64.Build.0 = Debug|Any CPU
		{DE789DAE-7F95-438D-9343-E81BB9D9D7C1}.UnicodeDebug|x86.ActiveCfg = Debug|Any CPU
		{DE789DAE-7F95-438D-9343-E81BB9D9D7C1}.UnicodeDebug|x86.Build.0 = Debug|Any CPU
		{DE789DAE-7F95-438D-9343-E81BB9D9D7C1}.UnicodeRelease|Any CPU.ActiveCfg = Release|Any CPU
		{DE789DAE-7F95-438D-9343-E81BB9D9D7C1}.UnicodeRelease|Any CPU.Build.0 = Release|Any CPU
		{DE789DAE-7F95-438D-9343-E81BB9D9D7C1}.UnicodeRelease|Mixed Platforms.ActiveCfg = Release|Any CPU
		{DE789DAE-7F95-438D-9343-E81BB9D9D7C1}.UnicodeRelease|Mixed Platforms.Build.0 = Release|Any CPU
		{DE789DAE-7F95-438D-9343-E81BB9D9D7C1}.UnicodeRelease|x64.ActiveCfg = Release|Any CPU
		{DE789DAE-7F95-438D-9343-E81BB9D9D7C1}.UnicodeRelease|x64.Build.0 = Release|Any CPU
		{DE789DAE-7F95-438D-9343-E81BB9D9D7C1}.UnicodeRelease|x86.ActiveCfg = Release|Any CPU
		{DE789DAE-7F95-438D-9343-E81BB9D9D7C1}.UnicodeRelease|x86.Build.0 = Release|Any CPU
		{0EBC77D0-08E8-42CA-AB78-451F0813C83D}.Debug|Any CPU.ActiveCfg = Debug|Any CPU
		{0EBC77D0-08E8-42CA-AB78-451F0813C83D}.Debug|Any CPU.Build.0 = Debug|Any CPU
		{0EBC77D0-08E8-42CA-AB78-451F0813C83D}.Debug|Mixed Platforms.ActiveCfg = Debug|Any CPU
		{0EBC77D0-08E8-42CA-AB78-451F0813C83D}.Debug|Mixed Platforms.Build.0 = Debug|Any CPU
		{0EBC77D0-08E8-42CA-AB78-451F0813C83D}.Debug|x64.ActiveCfg = Debug|Any CPU
		{0EBC77D0-08E8-42CA-AB78-451F0813C83D}.Debug|x64.Build.0 = Debug|Any CPU
		{0EBC77D0-08E8-42CA-AB78-451F0813C83D}.Debug|x86.ActiveCfg = Debug|Any CPU
		{0EBC77D0-08E8-42CA-AB78-451F0813C83D}.Debug|x86.Build.0 = Debug|Any CPU
		{0EBC77D0-08E8-42CA-AB78-451F0813C83D}.Release|Any CPU.ActiveCfg = Release|Any CPU
		{0EBC77D0-08E8-42CA-AB78-451F0813C83D}.Release|Any CPU.Build.0 = Release|Any CPU
		{0EBC77D0-08E8-42CA-AB78-451F0813C83D}.Release|Mixed Platforms.ActiveCfg = Release|Any CPU
		{0EBC77D0-08E8-42CA-AB78-451F0813C83D}.Release|Mixed Platforms.Build.0 = Release|Any CPU
		{0EBC77D0-08E8-42CA-AB78-451F0813C83D}.Release|x64.ActiveCfg = Release|Any CPU
		{0EBC77D0-08E8-42CA-AB78-451F0813C83D}.Release|x64.Build.0 = Release|Any CPU
		{0EBC77D0-08E8-42CA-AB78-451F0813C83D}.Release|x86.ActiveCfg = Release|Any CPU
		{0EBC77D0-08E8-42CA-AB78-451F0813C83D}.Release|x86.Build.0 = Release|Any CPU
		{0EBC77D0-08E8-42CA-AB78-451F0813C83D}.UnicodeDebug|Any CPU.ActiveCfg = Debug|Any CPU
		{0EBC77D0-08E8-42CA-AB78-451F0813C83D}.UnicodeDebug|Any CPU.Build.0 = Debug|Any CPU
		{0EBC77D0-08E8-42CA-AB78-451F0813C83D}.UnicodeDebug|Mixed Platforms.ActiveCfg = Debug|Any CPU
		{0EBC77D0-08E8-42CA-AB78-451F0813C83D}.UnicodeDebug|Mixed Platforms.Build.0 = Debug|Any CPU
		{0EBC77D0-08E8-42CA-AB78-451F0813C83D}.UnicodeDebug|x64.ActiveCfg = Debug|Any CPU
		{0EBC77D0-08E8-42CA-AB78-451F0813C83D}.UnicodeDebug|x64.Build.0 = Debug|Any CPU
		{0EBC77D0-08E8-42CA-AB78-451F0813C83D}.UnicodeDebug|x86.ActiveCfg = Debug|Any CPU
		{0EBC77D0-08E8-42CA-AB78-451F0813C83D}.UnicodeDebug|x86.Build.0 = Debug|Any CPU
		{0EBC77D0-08E8-42CA-AB78-451F0813C83D}.UnicodeRelease|Any CPU.ActiveCfg = Release|Any CPU
		{0EBC77D0-08E8-42CA-AB78-451F0813C83D}.UnicodeRelease|Any CPU.Build.0 = Release|Any CPU
		{0EBC77D0-08E8-42CA-AB78-451F0813C83D}.UnicodeRelease|Mixed Platforms.ActiveCfg = Release|Any CPU
		{0EBC77D0-08E8-42CA-AB78-451F0813C83D}.UnicodeRelease|Mixed Platforms.Build.0 = Release|Any CPU
		{0EBC77D0-08E8-42CA-AB78-451F0813C83D}.UnicodeRelease|x64.ActiveCfg = Release|Any CPU
		{0EBC77D0-08E8-42CA-AB78-451F0813C83D}.UnicodeRelease|x64.Build.0 = Release|Any CPU
		{0EBC77D0-08E8-42CA-AB78-451F0813C83D}.UnicodeRelease|x86.ActiveCfg = Release|Any CPU
		{0EBC77D0-08E8-42CA-AB78-451F0813C83D}.UnicodeRelease|x86.Build.0 = Release|Any CPU
	EndGlobalSection
	GlobalSection(SolutionProperties) = preSolution
		HideSolutionNode = FALSE
	EndGlobalSection
	GlobalSection(NestedProjects) = preSolution
		{3997B09B-3297-4610-BEE6-CC9C9BA77BBE} = {0BA4549C-7958-4F70-A25C-2AD8FFAB02D9}
		{0AC9D4AD-F938-4055-A17E-A2F9A3B64FB9} = {1869D6CA-794A-4D59-9464-B97EE25D5405}
		{A3A4227F-70A1-4E05-874C-7510C735C1BF} = {0BA4549C-7958-4F70-A25C-2AD8FFAB02D9}
		{EFC2C500-EA8A-4D11-9286-6C0D2E85E891} = {1869D6CA-794A-4D59-9464-B97EE25D5405}
		{811B06E3-E3F1-43FC-8AE0-C85BBCF9C383} = {1869D6CA-794A-4D59-9464-B97EE25D5405}
		{ACD20391-A0D7-4DD1-ABC7-0E10E11F85AC} = {1869D6CA-794A-4D59-9464-B97EE25D5405}
		{7F1CEE79-C396-42A9-9FCA-5DDAE681D222} = {0BA4549C-7958-4F70-A25C-2AD8FFAB02D9}
		{9F0BE475-25D1-4FC8-8CD2-1957A971DA32} = {9F47E425-8538-416E-8A22-91448FE643E8}
		{4A148A91-7AD9-44FF-A72B-46BD5AE63EB6} = {9F47E425-8538-416E-8A22-91448FE643E8}
		{5A9DD4FA-5C56-414E-87F3-EFB5CEBBDC5C} = {9F47E425-8538-416E-8A22-91448FE643E8}
		{42CC9731-6F90-4B00-93E1-41BBBB483F83} = {9F47E425-8538-416E-8A22-91448FE643E8}
		{CD28B692-E9AA-44F3-AFEA-9C88754A9008} = {9F47E425-8538-416E-8A22-91448FE643E8}
		{065B911B-683B-4156-824F-D1C4351476B8} = {9F47E425-8538-416E-8A22-91448FE643E8}
		{3903177E-0609-4CF7-A465-4786E9131ABE} = {9F47E425-8538-416E-8A22-91448FE643E8}
		{DE789DAE-7F95-438D-9343-E81BB9D9D7C1} = {9F47E425-8538-416E-8A22-91448FE643E8}
		{0EBC77D0-08E8-42CA-AB78-451F0813C83D} = {9F47E425-8538-416E-8A22-91448FE643E8}
	EndGlobalSection
EndGlobal
