
Microsoft Visual Studio Solution File, Format Version 12.00
# Visual Studio 15
VisualStudioVersion = 15.0.26430.14
MinimumVisualStudioVersion = 10.0.40219.1
Project("{FAE04EC0-301F-11D3-BF4B-00C04F79EFBC}") = "PdfViewerCSharpAPI", "PdfViewerCSharpAPI_R2\PdfViewerCSharpAPI.csproj", "{12BB3EF2-6EA8-4428-9854-893F44524614}"
EndProject
Project("{FAE04EC0-301F-11D3-BF4B-00C04F79EFBC}") = "PdfViewerWPF_R2", "PdfViewerWPF_R2\PdfViewerWPF_R2.csproj", "{90B51D0F-C4F2-408D-9879-CDCE515173C9}"
EndProject
Project("{FAE04EC0-301F-11D3-BF4B-00C04F79EFBC}") = "ViewerWPFSample", "Sample\ViewerWPFSample\ViewerWPFSample.csproj", "{4020E23B-0185-4587-8B2E-9823E4D245EE}"
	ProjectSection(ProjectDependencies) = postProject
		{90B51D0F-C4F2-408D-9879-CDCE515173C9} = {90B51D0F-C4F2-408D-9879-CDCE515173C9}
	EndProjectSection
EndProject
Project("{FAE04EC0-301F-11D3-BF4B-00C04F79EFBC}") = "WindowsInkTextConverter", "WindowsInkTextConverter\WindowsInkTextConverter.csproj", "{3997B09B-3297-4610-BEE6-CC9C9BA77BBE}"
EndProject
Project("{FAE04EC0-301F-11D3-BF4B-00C04F79EFBC}") = "NoChangeAnnotationFormMapper", "NoChangeAnnotationFormMapper\NoChangeAnnotationFormMapper.csproj", "{0AC9D4AD-F938-4055-A17E-A2F9A3B64FB9}"
EndProject
Project("{FAE04EC0-301F-11D3-BF4B-00C04F79EFBC}") = "DummyTextConverter", "DummyTextConverter\DummyTextConverter.csproj", "{A3A4227F-70A1-4E05-874C-7510C735C1BF}"
EndProject
Project("{FAE04EC0-301F-11D3-BF4B-00C04F79EFBC}") = "RectangleFormMapper", "RectangleFormMapper\RectangleFormMapper.csproj", "{EFC2C500-EA8A-4D11-9286-6C0D2E85E891}"
EndProject
Project("{FAE04EC0-301F-11D3-BF4B-00C04F79EFBC}") = "PolylineFormMapper", "PolylineFormMapper\PolylineFormMapper.csproj", "{811B06E3-E3F1-43FC-8AE0-C85BBCF9C383}"
EndProject
Project("{2150E333-8FDC-42A3-9474-1A3956D46DE8}") = "FormMapper", "FormMapper", "{1869D6CA-794A-4D59-9464-B97EE25D5405}"
EndProject
Project("{2150E333-8FDC-42A3-9474-1A3956D46DE8}") = "TextConverter", "TextConverter", "{0BA4549C-7958-4F70-A25C-2AD8FFAB02D9}"
EndProject
Global
	GlobalSection(SolutionConfigurationPlatforms) = preSolution
		Debug|Any CPU = Debug|Any CPU
		Debug|Mixed Platforms = Debug|Mixed Platforms
		Debug|x64 = Debug|x64
		Debug|x86 = Debug|x86
		Release|Any CPU = Release|Any CPU
		Release|Mixed Platforms = Release|Mixed Platforms
		Release|x64 = Release|x64
		Release|x86 = Release|x86
		UnicodeDebug|Any CPU = UnicodeDebug|Any CPU
		UnicodeDebug|Mixed Platforms = UnicodeDebug|Mixed Platforms
		UnicodeDebug|x64 = UnicodeDebug|x64
		UnicodeDebug|x86 = UnicodeDebug|x86
		UnicodeRelease|Any CPU = UnicodeRelease|Any CPU
		UnicodeRelease|Mixed Platforms = UnicodeRelease|Mixed Platforms
		UnicodeRelease|x64 = UnicodeRelease|x64
		UnicodeRelease|x86 = UnicodeRelease|x86
	EndGlobalSection
	GlobalSection(ProjectConfigurationPlatforms) = postSolution
		{12BB3EF2-6EA8-4428-9854-893F44524614}.Debug|Any CPU.ActiveCfg = UnicodeDebug|Any CPU
		{12BB3EF2-6EA8-4428-9854-893F44524614}.Debug|Any CPU.Build.0 = UnicodeDebug|Any CPU
		{12BB3EF2-6EA8-4428-9854-893F44524614}.Debug|Mixed Platforms.ActiveCfg = UnicodeDebug|Any CPU
		{12BB3EF2-6EA8-4428-9854-893F44524614}.Debug|Mixed Platforms.Build.0 = UnicodeDebug|Any CPU
		{12BB3EF2-6EA8-4428-9854-893F44524614}.Debug|x64.ActiveCfg = UnicodeDebug|Any CPU
		{12BB3EF2-6EA8-4428-9854-893F44524614}.Debug|x64.Build.0 = UnicodeDebug|Any CPU
		{12BB3EF2-6EA8-4428-9854-893F44524614}.Debug|x86.ActiveCfg = UnicodeDebug|Any CPU
		{12BB3EF2-6EA8-4428-9854-893F44524614}.Debug|x86.Build.0 = UnicodeDebug|Any CPU
		{12BB3EF2-6EA8-4428-9854-893F44524614}.Release|Any CPU.ActiveCfg = UnicodeRelease|Any CPU
		{12BB3EF2-6EA8-4428-9854-893F44524614}.Release|Any CPU.Build.0 = UnicodeRelease|Any CPU
		{12BB3EF2-6EA8-4428-9854-893F44524614}.Release|Mixed Platforms.ActiveCfg = UnicodeRelease|Any CPU
		{12BB3EF2-6EA8-4428-9854-893F44524614}.Release|Mixed Platforms.Build.0 = UnicodeRelease|Any CPU
		{12BB3EF2-6EA8-4428-9854-893F44524614}.Release|x64.ActiveCfg = UnicodeRelease|Any CPU
		{12BB3EF2-6EA8-4428-9854-893F44524614}.Release|x64.Build.0 = UnicodeRelease|Any CPU
		{12BB3EF2-6EA8-4428-9854-893F44524614}.Release|x86.ActiveCfg = UnicodeRelease|Any CPU
		{12BB3EF2-6EA8-4428-9854-893F44524614}.Release|x86.Build.0 = UnicodeRelease|Any CPU
		{12BB3EF2-6EA8-4428-9854-893F44524614}.UnicodeDebug|Any CPU.ActiveCfg = UnicodeDebug|Any CPU
		{12BB3EF2-6EA8-4428-9854-893F44524614}.UnicodeDebug|Any CPU.Build.0 = UnicodeDebug|Any CPU
		{12BB3EF2-6EA8-4428-9854-893F44524614}.UnicodeDebug|Mixed Platforms.ActiveCfg = UnicodeDebug|Any CPU
		{12BB3EF2-6EA8-4428-9854-893F44524614}.UnicodeDebug|Mixed Platforms.Build.0 = UnicodeDebug|Any CPU
		{12BB3EF2-6EA8-4428-9854-893F44524614}.UnicodeDebug|x64.ActiveCfg = UnicodeDebug|Any CPU
		{12BB3EF2-6EA8-4428-9854-893F44524614}.UnicodeDebug|x64.Build.0 = UnicodeDebug|Any CPU
		{12BB3EF2-6EA8-4428-9854-893F44524614}.UnicodeDebug|x86.ActiveCfg = UnicodeDebug|Any CPU
		{12BB3EF2-6EA8-4428-9854-893F44524614}.UnicodeRelease|Any CPU.ActiveCfg = UnicodeRelease|Any CPU
		{12BB3EF2-6EA8-4428-9854-893F44524614}.UnicodeRelease|Any CPU.Build.0 = UnicodeRelease|Any CPU
		{12BB3EF2-6EA8-4428-9854-893F44524614}.UnicodeRelease|Mixed Platforms.ActiveCfg = UnicodeRelease|Any CPU
		{12BB3EF2-6EA8-4428-9854-893F44524614}.UnicodeRelease|Mixed Platforms.Build.0 = UnicodeRelease|Any CPU
		{12BB3EF2-6EA8-4428-9854-893F44524614}.UnicodeRelease|x64.ActiveCfg = UnicodeRelease|Any CPU
		{12BB3EF2-6EA8-4428-9854-893F44524614}.UnicodeRelease|x64.Build.0 = UnicodeRelease|Any CPU
		{12BB3EF2-6EA8-4428-9854-893F44524614}.UnicodeRelease|x86.ActiveCfg = UnicodeRelease|Any CPU
		{12BB3EF2-6EA8-4428-9854-893F44524614}.UnicodeRelease|x86.Build.0 = UnicodeRelease|Any CPU
		{90B51D0F-C4F2-408D-9879-CDCE515173C9}.Debug|Any CPU.ActiveCfg = UnicodeDebug|Any CPU
		{90B51D0F-C4F2-408D-9879-CDCE515173C9}.Debug|Any CPU.Build.0 = UnicodeDebug|Any CPU
		{90B51D0F-C4F2-408D-9879-CDCE515173C9}.Debug|Mixed Platforms.ActiveCfg = UnicodeDebug|Any CPU
		{90B51D0F-C4F2-408D-9879-CDCE515173C9}.Debug|Mixed Platforms.Build.0 = UnicodeDebug|Any CPU
		{90B51D0F-C4F2-408D-9879-CDCE515173C9}.Debug|x64.ActiveCfg = UnicodeDebug|Any CPU
		{90B51D0F-C4F2-408D-9879-CDCE515173C9}.Debug|x64.Build.0 = UnicodeDebug|Any CPU
		{90B51D0F-C4F2-408D-9879-CDCE515173C9}.Debug|x86.ActiveCfg = UnicodeDebug|Any CPU
		{90B51D0F-C4F2-408D-9879-CDCE515173C9}.Debug|x86.Build.0 = UnicodeDebug|Any CPU
		{90B51D0F-C4F2-408D-9879-CDCE515173C9}.Release|Any CPU.ActiveCfg = UnicodeRelease|Any CPU
		{90B51D0F-C4F2-408D-9879-CDCE515173C9}.Release|Any CPU.Build.0 = UnicodeRelease|Any CPU
		{90B51D0F-C4F2-408D-9879-CDCE515173C9}.Release|Mixed Platforms.ActiveCfg = UnicodeRelease|Any CPU
		{90B51D0F-C4F2-408D-9879-CDCE515173C9}.Release|Mixed Platforms.Build.0 = UnicodeRelease|Any CPU
		{90B51D0F-C4F2-408D-9879-CDCE515173C9}.Release|x64.ActiveCfg = UnicodeRelease|Any CPU
		{90B51D0F-C4F2-408D-9879-CDCE515173C9}.Release|x64.Build.0 = UnicodeRelease|Any CPU
		{90B51D0F-C4F2-408D-9879-CDCE515173C9}.Release|x86.ActiveCfg = UnicodeRelease|Any CPU
		{90B51D0F-C4F2-408D-9879-CDCE515173C9}.Release|x86.Build.0 = UnicodeRelease|Any CPU
		{90B51D0F-C4F2-408D-9879-CDCE515173C9}.UnicodeDebug|Any CPU.ActiveCfg = UnicodeDebug|Any CPU
		{90B51D0F-C4F2-408D-9879-CDCE515173C9}.UnicodeDebug|Any CPU.Build.0 = UnicodeDebug|Any CPU
		{90B51D0F-C4F2-408D-9879-CDCE515173C9}.UnicodeDebug|Mixed Platforms.ActiveCfg = UnicodeDebug|Any CPU
		{90B51D0F-C4F2-408D-9879-CDCE515173C9}.UnicodeDebug|Mixed Platforms.Build.0 = UnicodeDebug|Any CPU
		{90B51D0F-C4F2-408D-9879-CDCE515173C9}.UnicodeDebug|x64.ActiveCfg = UnicodeDebug|Any CPU
		{90B51D0F-C4F2-408D-9879-CDCE515173C9}.UnicodeDebug|x64.Build.0 = UnicodeDebug|Any CPU
		{90B51D0F-C4F2-408D-9879-CDCE515173C9}.UnicodeDebug|x86.ActiveCfg = UnicodeDebug|Any CPU
		{90B51D0F-C4F2-408D-9879-CDCE515173C9}.UnicodeRelease|Any CPU.ActiveCfg = UnicodeRelease|Any CPU
		{90B51D0F-C4F2-408D-9879-CDCE515173C9}.UnicodeRelease|Any CPU.Build.0 = UnicodeRelease|Any CPU
		{90B51D0F-C4F2-408D-9879-CDCE515173C9}.UnicodeRelease|Mixed Platforms.ActiveCfg = UnicodeRelease|Any CPU
		{90B51D0F-C4F2-408D-9879-CDCE515173C9}.UnicodeRelease|Mixed Platforms.Build.0 = UnicodeRelease|Any CPU
		{90B51D0F-C4F2-408D-9879-CDCE515173C9}.UnicodeRelease|x64.ActiveCfg = UnicodeRelease|Any CPU
		{90B51D0F-C4F2-408D-9879-CDCE515173C9}.UnicodeRelease|x64.Build.0 = UnicodeRelease|Any CPU
		{90B51D0F-C4F2-408D-9879-CDCE515173C9}.UnicodeRelease|x86.ActiveCfg = UnicodeRelease|Any CPU
		{90B51D0F-C4F2-408D-9879-CDCE515173C9}.UnicodeRelease|x86.Build.0 = UnicodeRelease|Any CPU
		{4020E23B-0185-4587-8B2E-9823E4D245EE}.Debug|Any CPU.ActiveCfg = UnicodeRelease|x64
		{4020E23B-0185-4587-8B2E-9823E4D245EE}.Debug|Any CPU.Build.0 = UnicodeRelease|x64
		{4020E23B-0185-4587-8B2E-9823E4D245EE}.Debug|Mixed Platforms.ActiveCfg = UnicodeDebug|x86
		{4020E23B-0185-4587-8B2E-9823E4D245EE}.Debug|Mixed Platforms.Build.0 = UnicodeDebug|x86
		{4020E23B-0185-4587-8B2E-9823E4D245EE}.Debug|x64.ActiveCfg = UnicodeDebug|x64
		{4020E23B-0185-4587-8B2E-9823E4D245EE}.Debug|x64.Build.0 = UnicodeDebug|x64
		{4020E23B-0185-4587-8B2E-9823E4D245EE}.Debug|x86.ActiveCfg = UnicodeDebug|x86
		{4020E23B-0185-4587-8B2E-9823E4D245EE}.Debug|x86.Build.0 = UnicodeDebug|x86
		{4020E23B-0185-4587-8B2E-9823E4D245EE}.Release|Any CPU.ActiveCfg = UnicodeRelease|x64
		{4020E23B-0185-4587-8B2E-9823E4D245EE}.Release|Any CPU.Build.0 = UnicodeRelease|x64
		{4020E23B-0185-4587-8B2E-9823E4D245EE}.Release|Mixed Platforms.ActiveCfg = UnicodeRelease|x86
		{4020E23B-0185-4587-8B2E-9823E4D245EE}.Release|Mixed Platforms.Build.0 = UnicodeRelease|x86
		{4020E23B-0185-4587-8B2E-9823E4D245EE}.Release|x64.ActiveCfg = UnicodeRelease|x64
		{4020E23B-0185-4587-8B2E-9823E4D245EE}.Release|x64.Build.0 = UnicodeRelease|x64
		{4020E23B-0185-4587-8B2E-9823E4D245EE}.Release|x86.ActiveCfg = UnicodeRelease|x86
		{4020E23B-0185-4587-8B2E-9823E4D245EE}.Release|x86.Build.0 = UnicodeRelease|x86
		{4020E23B-0185-4587-8B2E-9823E4D245EE}.UnicodeDebug|Any CPU.ActiveCfg = UnicodeDebug|x86
		{4020E23B-0185-4587-8B2E-9823E4D245EE}.UnicodeDebug|Mixed Platforms.ActiveCfg = UnicodeDebug|x86
		{4020E23B-0185-4587-8B2E-9823E4D245EE}.UnicodeDebug|Mixed Platforms.Build.0 = UnicodeDebug|x86
		{4020E23B-0185-4587-8B2E-9823E4D245EE}.UnicodeDebug|x64.ActiveCfg = UnicodeDebug|x64
		{4020E23B-0185-4587-8B2E-9823E4D245EE}.UnicodeDebug|x64.Build.0 = UnicodeDebug|x64
		{4020E23B-0185-4587-8B2E-9823E4D245EE}.UnicodeDebug|x86.ActiveCfg = UnicodeDebug|x86
		{4020E23B-0185-4587-8B2E-9823E4D245EE}.UnicodeDebug|x86.Build.0 = UnicodeDebug|x86
		{4020E23B-0185-4587-8B2E-9823E4D245EE}.UnicodeRelease|Any CPU.ActiveCfg = UnicodeRelease|x86
		{4020E23B-0185-4587-8B2E-9823E4D245EE}.UnicodeRelease|Mixed Platforms.ActiveCfg = UnicodeRelease|x86
		{4020E23B-0185-4587-8B2E-9823E4D245EE}.UnicodeRelease|Mixed Platforms.Build.0 = UnicodeRelease|x86
		{4020E23B-0185-4587-8B2E-9823E4D245EE}.UnicodeRelease|x64.ActiveCfg = UnicodeRelease|x64
		{4020E23B-0185-4587-8B2E-9823E4D245EE}.UnicodeRelease|x64.Build.0 = UnicodeRelease|x64
		{4020E23B-0185-4587-8B2E-9823E4D245EE}.UnicodeRelease|x86.ActiveCfg = UnicodeRelease|x86
		{4020E23B-0185-4587-8B2E-9823E4D245EE}.UnicodeRelease|x86.Build.0 = UnicodeRelease|x86
		{3997B09B-3297-4610-BEE6-CC9C9BA77BBE}.Debug|Any CPU.ActiveCfg = Debug|Any CPU
		{3997B09B-3297-4610-BEE6-CC9C9BA77BBE}.Debug|Any CPU.Build.0 = Debug|Any CPU
		{3997B09B-3297-4610-BEE6-CC9C9BA77BBE}.Debug|Mixed Platforms.ActiveCfg = Debug|Any CPU
		{3997B09B-3297-4610-BEE6-CC9C9BA77BBE}.Debug|Mixed Platforms.Build.0 = Debug|Any CPU
		{3997B09B-3297-4610-BEE6-CC9C9BA77BBE}.Debug|x64.ActiveCfg = Debug|Any CPU
		{3997B09B-3297-4610-BEE6-CC9C9BA77BBE}.Debug|x64.Build.0 = Debug|Any CPU
		{3997B09B-3297-4610-BEE6-CC9C9BA77BBE}.Debug|x86.ActiveCfg = Debug|Any CPU
		{3997B09B-3297-4610-BEE6-CC9C9BA77BBE}.Debug|x86.Build.0 = Debug|Any CPU
		{3997B09B-3297-4610-BEE6-CC9C9BA77BBE}.Release|Any CPU.ActiveCfg = Release|Any CPU
		{3997B09B-3297-4610-BEE6-CC9C9BA77BBE}.Release|Any CPU.Build.0 = Release|Any CPU
		{3997B09B-3297-4610-BEE6-CC9C9BA77BBE}.Release|Mixed Platforms.ActiveCfg = Release|Any CPU
		{3997B09B-3297-4610-BEE6-CC9C9BA77BBE}.Release|Mixed Platforms.Build.0 = Release|Any CPU
		{3997B09B-3297-4610-BEE6-CC9C9BA77BBE}.Release|x64.ActiveCfg = Release|Any CPU
		{3997B09B-3297-4610-BEE6-CC9C9BA77BBE}.Release|x64.Build.0 = Release|Any CPU
		{3997B09B-3297-4610-BEE6-CC9C9BA77BBE}.Release|x86.ActiveCfg = Release|Any CPU
		{3997B09B-3297-4610-BEE6-CC9C9BA77BBE}.Release|x86.Build.0 = Release|Any CPU
		{3997B09B-3297-4610-BEE6-CC9C9BA77BBE}.UnicodeDebug|Any CPU.ActiveCfg = Debug|Any CPU
		{3997B09B-3297-4610-BEE6-CC9C9BA77BBE}.UnicodeDebug|Any CPU.Build.0 = Debug|Any CPU
		{3997B09B-3297-4610-BEE6-CC9C9BA77BBE}.UnicodeDebug|Mixed Platforms.ActiveCfg = Debug|Any CPU
		{3997B09B-3297-4610-BEE6-CC9C9BA77BBE}.UnicodeDebug|Mixed Platforms.Build.0 = Debug|Any CPU
		{3997B09B-3297-4610-BEE6-CC9C9BA77BBE}.UnicodeDebug|x64.ActiveCfg = Debug|Any CPU
		{3997B09B-3297-4610-BEE6-CC9C9BA77BBE}.UnicodeDebug|x64.Build.0 = Debug|Any CPU
		{3997B09B-3297-4610-BEE6-CC9C9BA77BBE}.UnicodeDebug|x86.ActiveCfg = Debug|Any CPU
		{3997B09B-3297-4610-BEE6-CC9C9BA77BBE}.UnicodeDebug|x86.Build.0 = Debug|Any CPU
		{3997B09B-3297-4610-BEE6-CC9C9BA77BBE}.UnicodeRelease|Any CPU.ActiveCfg = Release|Any CPU
		{3997B09B-3297-4610-BEE6-CC9C9BA77BBE}.UnicodeRelease|Any CPU.Build.0 = Release|Any CPU
		{3997B09B-3297-4610-BEE6-CC9C9BA77BBE}.UnicodeRelease|Mixed Platforms.ActiveCfg = Release|Any CPU
		{3997B09B-3297-4610-BEE6-CC9C9BA77BBE}.UnicodeRelease|Mixed Platforms.Build.0 = Release|Any CPU
		{3997B09B-3297-4610-BEE6-CC9C9BA77BBE}.UnicodeRelease|x64.ActiveCfg = Release|Any CPU
		{3997B09B-3297-4610-BEE6-CC9C9BA77BBE}.UnicodeRelease|x64.Build.0 = Release|Any CPU
		{3997B09B-3297-4610-BEE6-CC9C9BA77BBE}.UnicodeRelease|x86.ActiveCfg = Release|Any CPU
		{3997B09B-3297-4610-BEE6-CC9C9BA77BBE}.UnicodeRelease|x86.Build.0 = Release|Any CPU
		{0AC9D4AD-F938-4055-A17E-A2F9A3B64FB9}.Debug|Any CPU.ActiveCfg = Debug|Any CPU
		{0AC9D4AD-F938-4055-A17E-A2F9A3B64FB9}.Debug|Any CPU.Build.0 = Debug|Any CPU
		{0AC9D4AD-F938-4055-A17E-A2F9A3B64FB9}.Debug|Mixed Platforms.ActiveCfg = Debug|Any CPU
		{0AC9D4AD-F938-4055-A17E-A2F9A3B64FB9}.Debug|Mixed Platforms.Build.0 = Debug|Any CPU
		{0AC9D4AD-F938-4055-A17E-A2F9A3B64FB9}.Debug|x64.ActiveCfg = Debug|Any CPU
		{0AC9D4AD-F938-4055-A17E-A2F9A3B64FB9}.Debug|x64.Build.0 = Debug|Any CPU
		{0AC9D4AD-F938-4055-A17E-A2F9A3B64FB9}.Debug|x86.ActiveCfg = Debug|Any CPU
		{0AC9D4AD-F938-4055-A17E-A2F9A3B64FB9}.Debug|x86.Build.0 = Debug|Any CPU
		{0AC9D4AD-F938-4055-A17E-A2F9A3B64FB9}.Release|Any CPU.ActiveCfg = Release|Any CPU
		{0AC9D4AD-F938-4055-A17E-A2F9A3B64FB9}.Release|Any CPU.Build.0 = Release|Any CPU
		{0AC9D4AD-F938-4055-A17E-A2F9A3B64FB9}.Release|Mixed Platforms.ActiveCfg = Release|Any CPU
		{0AC9D4AD-F938-4055-A17E-A2F9A3B64FB9}.Release|Mixed Platforms.Build.0 = Release|Any CPU
		{0AC9D4AD-F938-4055-A17E-A2F9A3B64FB9}.Release|x64.ActiveCfg = Release|Any CPU
		{0AC9D4AD-F938-4055-A17E-A2F9A3B64FB9}.Release|x64.Build.0 = Release|Any CPU
		{0AC9D4AD-F938-4055-A17E-A2F9A3B64FB9}.Release|x86.ActiveCfg = Release|Any CPU
		{0AC9D4AD-F938-4055-A17E-A2F9A3B64FB9}.Release|x86.Build.0 = Release|Any CPU
		{0AC9D4AD-F938-4055-A17E-A2F9A3B64FB9}.UnicodeDebug|Any CPU.ActiveCfg = Debug|Any CPU
		{0AC9D4AD-F938-4055-A17E-A2F9A3B64FB9}.UnicodeDebug|Any CPU.Build.0 = Debug|Any CPU
		{0AC9D4AD-F938-4055-A17E-A2F9A3B64FB9}.UnicodeDebug|Mixed Platforms.ActiveCfg = Debug|Any CPU
		{0AC9D4AD-F938-4055-A17E-A2F9A3B64FB9}.UnicodeDebug|Mixed Platforms.Build.0 = Debug|Any CPU
		{0AC9D4AD-F938-4055-A17E-A2F9A3B64FB9}.UnicodeDebug|x64.ActiveCfg = Debug|Any CPU
		{0AC9D4AD-F938-4055-A17E-A2F9A3B64FB9}.UnicodeDebug|x64.Build.0 = Debug|Any CPU
		{0AC9D4AD-F938-4055-A17E-A2F9A3B64FB9}.UnicodeDebug|x86.ActiveCfg = Debug|Any CPU
		{0AC9D4AD-F938-4055-A17E-A2F9A3B64FB9}.UnicodeDebug|x86.Build.0 = Debug|Any CPU
		{0AC9D4AD-F938-4055-A17E-A2F9A3B64FB9}.UnicodeRelease|Any CPU.ActiveCfg = Release|Any CPU
		{0AC9D4AD-F938-4055-A17E-A2F9A3B64FB9}.UnicodeRelease|Any CPU.Build.0 = Release|Any CPU
		{0AC9D4AD-F938-4055-A17E-A2F9A3B64FB9}.UnicodeRelease|Mixed Platforms.ActiveCfg = Release|Any CPU
		{0AC9D4AD-F938-4055-A17E-A2F9A3B64FB9}.UnicodeRelease|Mixed Platforms.Build.0 = Release|Any CPU
		{0AC9D4AD-F938-4055-A17E-A2F9A3B64FB9}.UnicodeRelease|x64.ActiveCfg = Release|Any CPU
		{0AC9D4AD-F938-4055-A17E-A2F9A3B64FB9}.UnicodeRelease|x64.Build.0 = Release|Any CPU
		{0AC9D4AD-F938-4055-A17E-A2F9A3B64FB9}.UnicodeRelease|x86.ActiveCfg = Release|Any CPU
		{0AC9D4AD-F938-4055-A17E-A2F9A3B64FB9}.UnicodeRelease|x86.Build.0 = Release|Any CPU
		{A3A4227F-70A1-4E05-874C-7510C735C1BF}.Debug|Any CPU.ActiveCfg = Debug|Any CPU
		{A3A4227F-70A1-4E05-874C-7510C735C1BF}.Debug|Any CPU.Build.0 = Debug|Any CPU
		{A3A4227F-70A1-4E05-874C-7510C735C1BF}.Debug|Mixed Platforms.ActiveCfg = Debug|Any CPU
		{A3A4227F-70A1-4E05-874C-7510C735C1BF}.Debug|Mixed Platforms.Build.0 = Debug|Any CPU
		{A3A4227F-70A1-4E05-874C-7510C735C1BF}.Debug|x64.ActiveCfg = Debug|Any CPU
		{A3A4227F-70A1-4E05-874C-7510C735C1BF}.Debug|x64.Build.0 = Debug|Any CPU
		{A3A4227F-70A1-4E05-874C-7510C735C1BF}.Debug|x86.ActiveCfg = Debug|Any CPU
		{A3A4227F-70A1-4E05-874C-7510C735C1BF}.Debug|x86.Build.0 = Debug|Any CPU
		{A3A4227F-70A1-4E05-874C-7510C735C1BF}.Release|Any CPU.ActiveCfg = Release|Any CPU
		{A3A4227F-70A1-4E05-874C-7510C735C1BF}.Release|Any CPU.Build.0 = Release|Any CPU
		{A3A4227F-70A1-4E05-874C-7510C735C1BF}.Release|Mixed Platforms.ActiveCfg = Release|Any CPU
		{A3A4227F-70A1-4E05-874C-7510C735C1BF}.Release|Mixed Platforms.Build.0 = Release|Any CPU
		{A3A4227F-70A1-4E05-874C-7510C735C1BF}.Release|x64.ActiveCfg = Release|Any CPU
		{A3A4227F-70A1-4E05-874C-7510C735C1BF}.Release|x64.Build.0 = Release|Any CPU
		{A3A4227F-70A1-4E05-874C-7510C735C1BF}.Release|x86.ActiveCfg = Release|Any CPU
		{A3A4227F-70A1-4E05-874C-7510C735C1BF}.Release|x86.Build.0 = Release|Any CPU
		{A3A4227F-70A1-4E05-874C-7510C735C1BF}.UnicodeDebug|Any CPU.ActiveCfg = Debug|Any CPU
		{A3A4227F-70A1-4E05-874C-7510C735C1BF}.UnicodeDebug|Any CPU.Build.0 = Debug|Any CPU
		{A3A4227F-70A1-4E05-874C-7510C735C1BF}.UnicodeDebug|Mixed Platforms.ActiveCfg = Debug|Any CPU
		{A3A4227F-70A1-4E05-874C-7510C735C1BF}.UnicodeDebug|Mixed Platforms.Build.0 = Debug|Any CPU
		{A3A4227F-70A1-4E05-874C-7510C735C1BF}.UnicodeDebug|x64.ActiveCfg = Debug|Any CPU
		{A3A4227F-70A1-4E05-874C-7510C735C1BF}.UnicodeDebug|x64.Build.0 = Debug|Any CPU
		{A3A4227F-70A1-4E05-874C-7510C735C1BF}.UnicodeDebug|x86.ActiveCfg = Debug|Any CPU
		{A3A4227F-70A1-4E05-874C-7510C735C1BF}.UnicodeDebug|x86.Build.0 = Debug|Any CPU
		{A3A4227F-70A1-4E05-874C-7510C735C1BF}.UnicodeRelease|Any CPU.ActiveCfg = Release|Any CPU
		{A3A4227F-70A1-4E05-874C-7510C735C1BF}.UnicodeRelease|Any CPU.Build.0 = Release|Any CPU
		{A3A4227F-70A1-4E05-874C-7510C735C1BF}.UnicodeRelease|Mixed Platforms.ActiveCfg = Release|Any CPU
		{A3A4227F-70A1-4E05-874C-7510C735C1BF}.UnicodeRelease|Mixed Platforms.Build.0 = Release|Any CPU
		{A3A4227F-70A1-4E05-874C-7510C735C1BF}.UnicodeRelease|x64.ActiveCfg = Release|Any CPU
		{A3A4227F-70A1-4E05-874C-7510C735C1BF}.UnicodeRelease|x64.Build.0 = Release|Any CPU
		{A3A4227F-70A1-4E05-874C-7510C735C1BF}.UnicodeRelease|x86.ActiveCfg = Release|Any CPU
		{A3A4227F-70A1-4E05-874C-7510C735C1BF}.UnicodeRelease|x86.Build.0 = Release|Any CPU
		{EFC2C500-EA8A-4D11-9286-6C0D2E85E891}.Debug|Any CPU.ActiveCfg = Debug|Any CPU
		{EFC2C500-EA8A-4D11-9286-6C0D2E85E891}.Debug|Any CPU.Build.0 = Debug|Any CPU
		{EFC2C500-EA8A-4D11-9286-6C0D2E85E891}.Debug|Mixed Platforms.ActiveCfg = Debug|Any CPU
		{EFC2C500-EA8A-4D11-9286-6C0D2E85E891}.Debug|Mixed Platforms.Build.0 = Debug|Any CPU
		{EFC2C500-EA8A-4D11-9286-6C0D2E85E891}.Debug|x64.ActiveCfg = Debug|Any CPU
		{EFC2C500-EA8A-4D11-9286-6C0D2E85E891}.Debug|x64.Build.0 = Debug|Any CPU
		{EFC2C500-EA8A-4D11-9286-6C0D2E85E891}.Debug|x86.ActiveCfg = Debug|Any CPU
		{EFC2C500-EA8A-4D11-9286-6C0D2E85E891}.Debug|x86.Build.0 = Debug|Any CPU
		{EFC2C500-EA8A-4D11-9286-6C0D2E85E891}.Release|Any CPU.ActiveCfg = Release|Any CPU
		{EFC2C500-EA8A-4D11-9286-6C0D2E85E891}.Release|Any CPU.Build.0 = Release|Any CPU
		{EFC2C500-EA8A-4D11-9286-6C0D2E85E891}.Release|Mixed Platforms.ActiveCfg = Release|Any CPU
		{EFC2C500-EA8A-4D11-9286-6C0D2E85E891}.Release|Mixed Platforms.Build.0 = Release|Any CPU
		{EFC2C500-EA8A-4D11-9286-6C0D2E85E891}.Release|x64.ActiveCfg = Release|Any CPU
		{EFC2C500-EA8A-4D11-9286-6C0D2E85E891}.Release|x64.Build.0 = Release|Any CPU
		{EFC2C500-EA8A-4D11-9286-6C0D2E85E891}.Release|x86.ActiveCfg = Release|Any CPU
		{EFC2C500-EA8A-4D11-9286-6C0D2E85E891}.Release|x86.Build.0 = Release|Any CPU
		{EFC2C500-EA8A-4D11-9286-6C0D2E85E891}.UnicodeDebug|Any CPU.ActiveCfg = Debug|Any CPU
		{EFC2C500-EA8A-4D11-9286-6C0D2E85E891}.UnicodeDebug|Any CPU.Build.0 = Debug|Any CPU
		{EFC2C500-EA8A-4D11-9286-6C0D2E85E891}.UnicodeDebug|Mixed Platforms.ActiveCfg = Debug|Any CPU
		{EFC2C500-EA8A-4D11-9286-6C0D2E85E891}.UnicodeDebug|Mixed Platforms.Build.0 = Debug|Any CPU
		{EFC2C500-EA8A-4D11-9286-6C0D2E85E891}.UnicodeDebug|x64.ActiveCfg = Debug|Any CPU
		{EFC2C500-EA8A-4D11-9286-6C0D2E85E891}.UnicodeDebug|x64.Build.0 = Debug|Any CPU
		{EFC2C500-EA8A-4D11-9286-6C0D2E85E891}.UnicodeDebug|x86.ActiveCfg = Debug|Any CPU
		{EFC2C500-EA8A-4D11-9286-6C0D2E85E891}.UnicodeDebug|x86.Build.0 = Debug|Any CPU
		{EFC2C500-EA8A-4D11-9286-6C0D2E85E891}.UnicodeRelease|Any CPU.ActiveCfg = Release|Any CPU
		{EFC2C500-EA8A-4D11-9286-6C0D2E85E891}.UnicodeRelease|Any CPU.Build.0 = Release|Any CPU
		{EFC2C500-EA8A-4D11-9286-6C0D2E85E891}.UnicodeRelease|Mixed Platforms.ActiveCfg = Release|Any CPU
		{EFC2C500-EA8A-4D11-9286-6C0D2E85E891}.UnicodeRelease|Mixed Platforms.Build.0 = Release|Any CPU
		{EFC2C500-EA8A-4D11-9286-6C0D2E85E891}.UnicodeRelease|x64.ActiveCfg = Release|Any CPU
		{EFC2C500-EA8A-4D11-9286-6C0D2E85E891}.UnicodeRelease|x64.Build.0 = Release|Any CPU
		{EFC2C500-EA8A-4D11-9286-6C0D2E85E891}.UnicodeRelease|x86.ActiveCfg = Release|Any CPU
		{EFC2C500-EA8A-4D11-9286-6C0D2E85E891}.UnicodeRelease|x86.Build.0 = Release|Any CPU
		{811B06E3-E3F1-43FC-8AE0-C85BBCF9C383}.Debug|Any CPU.ActiveCfg = Debug|Any CPU
		{811B06E3-E3F1-43FC-8AE0-C85BBCF9C383}.Debug|Any CPU.Build.0 = Debug|Any CPU
		{811B06E3-E3F1-43FC-8AE0-C85BBCF9C383}.Debug|Mixed Platforms.ActiveCfg = Debug|Any CPU
		{811B06E3-E3F1-43FC-8AE0-C85BBCF9C383}.Debug|Mixed Platforms.Build.0 = Debug|Any CPU
		{811B06E3-E3F1-43FC-8AE0-C85BBCF9C383}.Debug|x64.ActiveCfg = Debug|Any CPU
		{811B06E3-E3F1-43FC-8AE0-C85BBCF9C383}.Debug|x64.Build.0 = Debug|Any CPU
		{811B06E3-E3F1-43FC-8AE0-C85BBCF9C383}.Debug|x86.ActiveCfg = Debug|Any CPU
		{811B06E3-E3F1-43FC-8AE0-C85BBCF9C383}.Debug|x86.Build.0 = Debug|Any CPU
		{811B06E3-E3F1-43FC-8AE0-C85BBCF9C383}.Release|Any CPU.ActiveCfg = Release|Any CPU
		{811B06E3-E3F1-43FC-8AE0-C85BBCF9C383}.Release|Any CPU.Build.0 = Release|Any CPU
		{811B06E3-E3F1-43FC-8AE0-C85BBCF9C383}.Release|Mixed Platforms.ActiveCfg = Release|Any CPU
		{811B06E3-E3F1-43FC-8AE0-C85BBCF9C383}.Release|Mixed Platforms.Build.0 = Release|Any CPU
		{811B06E3-E3F1-43FC-8AE0-C85BBCF9C383}.Release|x64.ActiveCfg = Release|Any CPU
		{811B06E3-E3F1-43FC-8AE0-C85BBCF9C383}.Release|x64.Build.0 = Release|Any CPU
		{811B06E3-E3F1-43FC-8AE0-C85BBCF9C383}.Release|x86.ActiveCfg = Release|Any CPU
		{811B06E3-E3F1-43FC-8AE0-C85BBCF9C383}.Release|x86.Build.0 = Release|Any CPU
		{811B06E3-E3F1-43FC-8AE0-C85BBCF9C383}.UnicodeDebug|Any CPU.ActiveCfg = Debug|Any CPU
		{811B06E3-E3F1-43FC-8AE0-C85BBCF9C383}.UnicodeDebug|Any CPU.Build.0 = Debug|Any CPU
		{811B06E3-E3F1-43FC-8AE0-C85BBCF9C383}.UnicodeDebug|Mixed Platforms.ActiveCfg = Debug|Any CPU
		{811B06E3-E3F1-43FC-8AE0-C85BBCF9C383}.UnicodeDebug|Mixed Platforms.Build.0 = Debug|Any CPU
		{811B06E3-E3F1-43FC-8AE0-C85BBCF9C383}.UnicodeDebug|x64.ActiveCfg = Debug|Any CPU
		{811B06E3-E3F1-43FC-8AE0-C85BBCF9C383}.UnicodeDebug|x64.Build.0 = Debug|Any CPU
		{811B06E3-E3F1-43FC-8AE0-C85BBCF9C383}.UnicodeDebug|x86.ActiveCfg = Debug|Any CPU
		{811B06E3-E3F1-43FC-8AE0-C85BBCF9C383}.UnicodeDebug|x86.Build.0 = Debug|Any CPU
		{811B06E3-E3F1-43FC-8AE0-C85BBCF9C383}.UnicodeRelease|Any CPU.ActiveCfg = Release|Any CPU
		{811B06E3-E3F1-43FC-8AE0-C85BBCF9C383}.UnicodeRelease|Any CPU.Build.0 = Release|Any CPU
		{811B06E3-E3F1-43FC-8AE0-C85BBCF9C383}.UnicodeRelease|Mixed Platforms.ActiveCfg = Release|Any CPU
		{811B06E3-E3F1-43FC-8AE0-C85BBCF9C383}.UnicodeRelease|Mixed Platforms.Build.0 = Release|Any CPU
		{811B06E3-E3F1-43FC-8AE0-C85BBCF9C383}.UnicodeRelease|x64.ActiveCfg = Release|Any CPU
		{811B06E3-E3F1-43FC-8AE0-C85BBCF9C383}.UnicodeRelease|x64.Build.0 = Release|Any CPU
		{811B06E3-E3F1-43FC-8AE0-C85BBCF9C383}.UnicodeRelease|x86.ActiveCfg = Release|Any CPU
		{811B06E3-E3F1-43FC-8AE0-C85BBCF9C383}.UnicodeRelease|x86.Build.0 = Release|Any CPU
	EndGlobalSection
	GlobalSection(SolutionProperties) = preSolution
		HideSolutionNode = FALSE
	EndGlobalSection
	GlobalSection(NestedProjects) = preSolution
		{3997B09B-3297-4610-BEE6-CC9C9BA77BBE} = {0BA4549C-7958-4F70-A25C-2AD8FFAB02D9}
		{0AC9D4AD-F938-4055-A17E-A2F9A3B64FB9} = {1869D6CA-794A-4D59-9464-B97EE25D5405}
		{A3A4227F-70A1-4E05-874C-7510C735C1BF} = {0BA4549C-7958-4F70-A25C-2AD8FFAB02D9}
		{EFC2C500-EA8A-4D11-9286-6C0D2E85E891} = {1869D6CA-794A-4D59-9464-B97EE25D5405}
		{811B06E3-E3F1-43FC-8AE0-C85BBCF9C383} = {1869D6CA-794A-4D59-9464-B97EE25D5405}
	EndGlobalSection
EndGlobal
